lockVersion: 2.0.0
id: ad7b08dc-357d-414c-9f26-16cfbc099767
management:
  docChecksum: e40197e81fa7e96e9cedd79936df0513
  docVersion: v1
  speakeasyVersion: 1.796.4
  generationVersion: 2.935.1
  releaseVersion: 0.1.5
  configChecksum: da5dc789ce6ee9f717a9975011e377ae
  repoURL: https://github.com/continuous-labs-ai/cli.git
  installationURL: https://github.com/continuous-labs-ai/cli
  published: true
persistentEdits:
  generation_id: 07fb56b6-196e-4d19-9c28-889d2586cff0
  pristine_commit_hash: 6c4d925d984c1d7c30e8f03b19cd9b9d451307d5
  pristine_tree_hash: 2a7875c8bd9a190b32cdbe77562f83e1f360a7bc
features:
  cli:
    constsAndDefaults: 0.0.0
    core: 0.2.19
    globalSecurity: 0.0.1
    globalServerURLs: 0.0.0
    responseFormat: 0.1.1
trackedFiles:
  .github/workflows/release.yaml:
    id: 3679a1429145
    last_write_checksum: sha1:6773996141b577672a66f0644e75c249c1f9f386
    pristine_git_object: a0f07f6424d34f5dc71b7e478fe7536dc45c88a4
  .goreleaser.yaml:
    id: 3c333d227063
    last_write_checksum: sha1:0f157b9f62586bc9f9d1d0aca87bdbeefef65a75
    pristine_git_object: e226df66812cdae8fa25fd3d314cda7767ffac7a
  USAGE.md:
    id: 3aed33ce6e6f
    last_write_checksum: sha1:44aa06e6ee0bdc4c0f94f7c6759199ea1c0020ab
    pristine_git_object: 8b3be7393e61a5399ae94d2e56754becc74195a9
  cmd/continuous/main.go:
    id: ba408841b51f
    last_write_checksum: sha1:c909a02466c50e5174be5f2ada82a1d34015ae5a
    pristine_git_object: 5ceab8d896fc56730a4122726b57e27e6dba0a13
  cmd/gendocs/main.go:
    id: 20d9382a7dff
    last_write_checksum: sha1:720b676ec101427c6fd0b5dca7a29b0dd6ece831
    pristine_git_object: 3edfed2b89809179a092cb4b15e4f5c186d11cb8
  go.mod:
    id: c47645c391ad
    last_write_checksum: sha1:f3f684d5f71cf10c3fe2d8f54eb52ca22a88718c
    pristine_git_object: 5b5f40ba5500abc21a03f2f8e2551ca2fcf8f09f
  internal/cli/auth.go:
    id: 5ae1b1dce495
    last_write_checksum: sha1:1610b4a7539bd863be74fb290629f23a0f0c1117
    pristine_git_object: 5acc50ddb64649981d7dd40545aa69c2ac599ef2
  internal/cli/configure.go:
    id: 36d400bc4372
    last_write_checksum: sha1:8691c299b809322ab1f7f488af4ad1ce05b152f4
    pristine_git_object: f9d9c86a027c1cca5f3db634419407fc76a17965
  internal/cli/masking.go:
    id: dd6ad60ba8bc
    last_write_checksum: sha1:5a69fa055d628c1b8507cd123f3cd18309aa9a53
    pristine_git_object: 50ef7ee485832714bbbc1c86cb50b7bcc8eb92c7
  internal/cli/root.go:
    id: 239d55a0d6be
    last_write_checksum: sha1:5deb846d4247363a44e5dec69b54addb14b70f08
    pristine_git_object: bce96c50a1b6acbbbe45baf6a9dc94f3b19940c5
  internal/cli/simulations/createsimulation.go:
    id: 21bbb066ec37
    last_write_checksum: sha1:1617d91927687cc4643aad9e0351da0fb9b54a51
    pristine_git_object: f407590d22455c781519687ff6f27f02e782ab89
  internal/cli/simulations/deletesimulation.go:
    id: 0f87ec7a53c2
    last_write_checksum: sha1:12fc992fad72248352c5a802b0cd014b7ea49898
    pristine_git_object: 6b11df56c115aaed0ef8c7ceedb765adb7af5bc4
  internal/cli/simulations/forksimulation.go:
    id: 36947b39e528
    last_write_checksum: sha1:68c2ee5a6399a95ba2856a991e2df414c6315eae
    pristine_git_object: 181c6d02c295aa70a2f0aa452370f35a225cc909
  internal/cli/simulations/getsimulation.go:
    id: 6c0a3643e748
    last_write_checksum: sha1:59d401e55f9cb902e4c5233dc702e6216ba635b3
    pristine_git_object: 8bc8fecbc335bd691edfb199da6b624f52d77bfc
  internal/cli/simulations/listsimulations.go:
    id: ec9b43ba5a16
    last_write_checksum: sha1:a669e7db742a1fb11ac092799b648e5eb0ec579f
    pristine_git_object: 4ea91e9a43ef2b52c57462c5bd7efd74c90cafd8
  internal/cli/simulations/listsimulationsteps.go:
    id: 495e2ecce809
    last_write_checksum: sha1:70123aa576ec87f0fdf9ccbba962b946f530385c
    pristine_git_object: e6eec134bb0d75ccbf34dd0a48aeeb97061357a3
  internal/cli/simulations/mintsimulationtoken.go:
    id: 9ec41342408d
    last_write_checksum: sha1:3d417a4848968572cdda593444366189ffff965d
    pristine_git_object: c2a40cfc799da42bef6cf66d5cc588c98687bc40
  internal/cli/simulations/root.go:
    id: 53da55474864
    last_write_checksum: sha1:bfc1316c3d4655b1f8831234ea867be7ca329470
    pristine_git_object: 65354b351947bc6e2e755f93692bc44de7ea27e6
  internal/cli/simulations/startsimulation.go:
    id: 958554851b56
    last_write_checksum: sha1:915cdd2bbb357768669121ec2e8a2fde11bf16b8
    pristine_git_object: 932ba35b5a11c6c132b3109b5a440c37ed8dbde1
  internal/cli/simulations/stopsimulation.go:
    id: c58a618f9a5b
    last_write_checksum: sha1:d493b0bc0ffccbb9ec8358c08955f69edd61e04f
    pristine_git_object: ccddbe39924f51800c8b2a8f4e8596e026ec91e8
  internal/cli/simulators/buildsimulator.go:
    id: 8588410bc4ea
    last_write_checksum: sha1:323b57b95ac0a7b62a54713075bfa75ba0ca21fa
    pristine_git_object: f6d8aa5a2d71236856f31a0a2a7fa52c7a803efc
  internal/cli/simulators/cancelsimulatorbuild.go:
    id: c44fc1f9b425
    last_write_checksum: sha1:37511d6e4428cd3f506367c796e3f7732dcc10a9
    pristine_git_object: 5c2fc3983a521f3f126233bfd29ce7af5e8791c2
  internal/cli/simulators/deletesimulator.go:
    id: 67e02e3dea85
    last_write_checksum: sha1:817d62d1be777c358517784c9a1dd95df11ec1d6
    pristine_git_object: 20e624cef4ac51da70d839931080271ef8f72464
  internal/cli/simulators/getsimulator.go:
    id: 20f995188632
    last_write_checksum: sha1:89225cad68c5f6254b95acd71166b60cf7e45502
    pristine_git_object: e2c6bfd6a0fd2407471dea21d8c4e6868fedb221
  internal/cli/simulators/listsimulators.go:
    id: ecc9475a4464
    last_write_checksum: sha1:7535a89c546d3a280d51f9abd3c6317330ce759c
    pristine_git_object: 89b88a321e12bf5353c68dcdf51f713ed4de338e
  internal/cli/simulators/root.go:
    id: dd5adf98eb19
    last_write_checksum: sha1:9772364bf6fb0c3b5c3a7654d81ad6fd1cfecbc2
    pristine_git_object: a792dd286b0327e5c128d63c56580940bcadf9f9
  internal/cli/version.go:
    id: 7b0665492f72
    last_write_checksum: sha1:867fa5473f9d4cdbcdc8992f249fd4a702301645
    pristine_git_object: df704c682c1e587dcbc18ccf768892bef5b3c455
  internal/cli/whoami.go:
    id: c1787f2298ec
    last_write_checksum: sha1:9b8e8f6830e556f749eede72d72b4f18d9881c28
    pristine_git_object: 81cdc9ce2868855a48fdd61d6c13790a8b7dc35d
  internal/cli/worlds/buildworld.go:
    id: eb895422f8bd
    last_write_checksum: sha1:c25e9a5725f5b9d4643cce1c7c3d5b35f00ae6db
    pristine_git_object: 3f50769345fcee3964605e582890f81af8b93bda
  internal/cli/worlds/cancelworldbuild.go:
    id: 68d7a9504376
    last_write_checksum: sha1:909589f5d19e2170a86b8f185ecacffd90597feb
    pristine_git_object: 4aef5f5eaaeafe583c51997ece8ccf56c116f0ef
  internal/cli/worlds/deleteworld.go:
    id: 6c1187046558
    last_write_checksum: sha1:e0fc65bd4035d90f7060eb756bbb6b5f1d2202eb
    pristine_git_object: 5771607de801544ce752fad8d8b0576acdfdc24c
  internal/cli/worlds/getworld.go:
    id: 153cf101a428
    last_write_checksum: sha1:13a32c215d0eefa6f8a2e16880a44518a49f85b8
    pristine_git_object: 979fb5c9ac805d5a96b47a86b0ee8641d319a0f7
  internal/cli/worlds/listworlds.go:
    id: abed3cc73571
    last_write_checksum: sha1:96e5c3cb5767e464ee14e94421d3413e9eaa5fd2
    pristine_git_object: fdda3ffae4c14f8fdda8066e2cc58cafa40b1f4f
  internal/cli/worlds/root.go:
    id: b18f0d16d28c
    last_write_checksum: sha1:694b5b1a9186a3ca80b63f88c2f55d712dbfd6bb
    pristine_git_object: 35bd8709572b76cbf8d24e923daad4015565e8a3
  internal/cli/worlds/startworld.go:
    id: 5cb05ab50e4a
    last_write_checksum: sha1:9ab0a55134aa5e2d31cea77f462e699b43f26cd2
    pristine_git_object: 5a1e210e04aa84a1cfa28ef3afe3a3b0b81cf9d8
  internal/cli/worlds/stopworld.go:
    id: 0ffd028b8702
    last_write_checksum: sha1:182f43faf52bdad18112b6f757331a0df5c4eb54
    pristine_git_object: ae25634fbc9c1b04724299128322a98809810ce1
  internal/client/client.go:
    id: 5898305eedad
    last_write_checksum: sha1:e1df9e207657f75ca96f08eba3b15f8f8eea0bbb
    pristine_git_object: 320659e83bfafb7541cadf67e927ffeee30003df
  internal/client/diagnostics.go:
    id: b4a77b4f6df9
    last_write_checksum: sha1:20ad3b56ff6b8996cc8ca7f1073824f4b645c565
    pristine_git_object: 39c03071903e537af91aeadcfb6969eae8559dde
  internal/config/config.go:
    id: 4ccc1a5e56a7
    last_write_checksum: sha1:94a63d2bc8ce32c0efc877785bad12bab4cffefd
    pristine_git_object: 03aed557c7c691fc28fd360d4b4835a175bcef4f
  internal/config/keyring.go:
    id: 61bf1449e290
    last_write_checksum: sha1:f72a8a7e8804523766bac15ca99e97af94c8ff30
    pristine_git_object: d4499e5814718c226b6cc692dffad4315e23e35d
  internal/explorer/explorer.go:
    id: 544a9bc78db8
    last_write_checksum: sha1:fce74125eb90e8db82b77cc0f0c96d10bc30bfb9
    pristine_git_object: 5ef8f627ea103e8970265e216e4a49945dfd9b06
  internal/explorer/styles.go:
    id: f50091b6a6af
    last_write_checksum: sha1:2828c2efe410bee01a8563e1cf7cc985d4d29ee8
    pristine_git_object: f1124744344d02757ed0a8c87518a714e59cb854
  internal/explorer/tree.go:
    id: 81129f3c3c04
    last_write_checksum: sha1:16dea1c4b16d808202bf0c6f819fb5fba285ade7
    pristine_git_object: c85dee2441a6a8490edc0a5e7fbf33cde92f088e
  internal/explorer/tui.go:
    id: 9bee7d6a891e
    last_write_checksum: sha1:6323b44c3089bf6cab45c7c7df1d862fea349b7c
    pristine_git_object: 7035f3c6dbeb6eb30001ddb1d6d8ba97802183e3
  internal/flagutil/flags.go:
    id: 9e81d6ab2674
    last_write_checksum: sha1:d4a4640b46562ae38fb0d55ec14eee7a7bcc7601
    pristine_git_object: 469b0c9597280df2da7d1bda77c7ea06f9ed132f
  internal/flagutil/metadata.go:
    id: d22ccf2128e9
    last_write_checksum: sha1:0f88ffe68eef59ed5e365289cdd5a2c4fa4f5409
    pristine_git_object: b6da37954a23aeef460853cd21f23bb53f90cc73
  internal/interactive/interactive.go:
    id: 35e3347980bb
    last_write_checksum: sha1:058fc7c8af4120be09dd2ca766fe38605fd14427
    pristine_git_object: 1140b46c80cba85673c5a5ac52b805c0aabec4b1
  internal/output/agentmode.go:
    id: de6b0ed77d1c
    last_write_checksum: sha1:05473cbb4bb4f1ff55f9dbbc5b9be263aaa93de8
    pristine_git_object: 4d64b5be004152a251e51c932a671e5866f18a86
  internal/output/color.go:
    id: d240050a2a84
    last_write_checksum: sha1:c618ec769569213c248114c0e42b07582fffefcc
    pristine_git_object: d7c74560e580e33392f0667297d9fd6f5f0cd55e
  internal/output/jq.go:
    id: a0e589d8385d
    last_write_checksum: sha1:37f028aa252cf0ae8b4c90b49396bcddab05c900
    pristine_git_object: 93e700b50ec83246fa1ac65b530c41f89cb0806f
  internal/output/output.go:
    id: a9c3352b3b56
    last_write_checksum: sha1:6c7569f08d4cda11b0e2aec80e1bfe1f55d76061
    pristine_git_object: 3c15ab66e2796edf47b7016fcc7ba0ae276427a2
  internal/output/pretty.go:
    id: ef4c76789fd4
    last_write_checksum: sha1:3a40fae5d40a578667ba06448419d8f6c5549e20
    pristine_git_object: 942a964e78a81ad9d9590cc67138a0c4c3569fc9
  internal/sdk/continuoussimulation.go:
    id: af3aeba7b54c
    last_write_checksum: sha1:2b29fbf98a90fec164cd63fd2b414b2642261669
    pristine_git_object: aa3c7f97a7dd5562bfa6a31dd0adc23f93abc7b8
  internal/sdk/models/components/buildsimulatorrequest.go:
    id: 510b20fc8bb2
    last_write_checksum: sha1:c20dce4acc66ce83132d178c88411202e9c5ccf4
    pristine_git_object: c64b664d4d2e5de462cf55c4ef15e4363a9d1360
  internal/sdk/models/components/buildworldrequest.go:
    id: 8827e29faed8
    last_write_checksum: sha1:b84a80cdf71056029f818e5033fa6c58ee5483d1
    pristine_git_object: 9cd8614eeb547efb45076d28d2959451f033bbac
  internal/sdk/models/components/createdsimulation.go:
    id: 4b3913365b48
    last_write_checksum: sha1:e364394e871aa856696608379eaae33d6d241044
    pristine_git_object: 505099429eec57296bedcfc18989eb553d697b94
  internal/sdk/models/components/createsimulationrequest.go:
    id: 6748442be31e
    last_write_checksum: sha1:748cc280a96c9f7de20acb412c34996e97df66ed
    pristine_git_object: 8ad08273fa3bf15bf7448c5379468d74aa330cc2
  internal/sdk/models/components/forksimulationrequest.go:
    id: 62005b08d17f
    last_write_checksum: sha1:cc1b3191608fd781afb24145fd363cbcc77aa035
    pristine_git_object: 4549d5b805e2a1691e1fe7f096b988d026e1dbe3
  internal/sdk/models/components/httpmetadata.go:
    id: 2e30cdb779b3
    last_write_checksum: sha1:01a20fcff33179809ff9920ee431c7adabbd98f1
    pristine_git_object: 148ec47fb2dea6c188ec68eb3532d93169608168
  internal/sdk/models/components/listsimulationsresponse.go:
    id: e64441286d19
    last_write_checksum: sha1:f1f9405f3eb00a9c0430b19b16773e03d1b8d06e
    pristine_git_object: f5104009a30f7122a6933baf59dd433f607e510f
  internal/sdk/models/components/listsimulationstepsresponse.go:
    id: 01831fea6810
    last_write_checksum: sha1:b0b7e9139b709ea0568e346c15fd8383083caa35
    pristine_git_object: 676a9c4deaabaa78aad34e15c07888576b7d20f9
  internal/sdk/models/components/listsimulatorsresponse.go:
    id: f7ef11ac4614
    last_write_checksum: sha1:406765b8e56b26f2fff55dd5bc24489b65549ad2
    pristine_git_object: 9d94481855a3f7b47506b169b202ba7cf720bdd8
  internal/sdk/models/components/listworldsresponse.go:
    id: bc0a35987031
    last_write_checksum: sha1:b92f02ec80830e8280bd5c49f81e5a1e401f426d
    pristine_git_object: 145b206837a85f2791931c258956d129270fcaed
  internal/sdk/models/components/mintsimulationtokenrequest.go:
    id: ab895b57b02d
    last_write_checksum: sha1:4cae7c76c7b51be5cfbe882273a18cee0939d106
    pristine_git_object: 79e6c7f4f32ff73834dfcf0754e12ddfe9805ed0
  internal/sdk/models/components/resourceerror.go:
    id: 9c32e98b4d1d
    last_write_checksum: sha1:8eb52f3a4ef2f41f3f4655a811d655da61a85269
    pristine_git_object: afe4a229b674574ad5c93b24682ccd346055b0eb
  internal/sdk/models/components/security.go:
    id: c1a78fe12ea5
    last_write_checksum: sha1:a1a4d7a9c50f9ee03c71cf64dcc3a9af08d053d7
    pristine_git_object: eca801da09061c06c8ca5a5c1229134922c4e601
  internal/sdk/models/components/simulation.go:
    id: c8c8df785fde
    last_write_checksum: sha1:9113cf09b48655fd6ab1fe28ed4d61fe70bcc1a7
    pristine_git_object: a9d82e28bb2aa3e98cc12f1185a6450a79eaaedb
  internal/sdk/models/components/simulationtoken.go:
    id: bcf4f68395c0
    last_write_checksum: sha1:629c881e66df60a881457c61b6e7519fcd511002
    pristine_git_object: b072a13c0364de33a3aa9adb24afd659f270e259
  internal/sdk/models/components/simulator.go:
    id: cb287534b8b9
    last_write_checksum: sha1:5426defc3b79c19bd69ce8f9f7322171ac7e7402
    pristine_git_object: cde927f536da714c226940d4627ab2e53c084f09
  internal/sdk/models/components/step.go:
    id: 35b6e20c4bef
    last_write_checksum: sha1:ca0aeb5cf5bfdf4e43b0040ad72bd35eb4c9b44e
    pristine_git_object: eab39726c2336dde06a7d9c01f59e884946afee9
  internal/sdk/models/components/world.go:
    id: cca25436961e
    last_write_checksum: sha1:1d9a47d3beeb390418ec2e2cbd289846d64bb9e7
    pristine_git_object: ad05d98499282976740872922506d537c3c70afc
  internal/sdk/models/components/worldsimulation.go:
    id: 1ad1eacbebff
    last_write_checksum: sha1:06e2332e9f9e54446aaac32b1a0ba129479ac764
    pristine_git_object: 7a3adba4ea3396e2c3fc7a529ab2c45a2b7e4989
  internal/sdk/models/operations/buildsimulator.go:
    id: 0ead813b1137
    last_write_checksum: sha1:ac739517054a50d985756bfcd9381885d2d7e096
    pristine_git_object: c6d7d872c55c3958ada7cf8842f7c7d9d08b60fb
  internal/sdk/models/operations/buildworld.go:
    id: ae2781abebd1
    last_write_checksum: sha1:6fe8647360358d987d318e6991bb225b35944828
    pristine_git_object: 7070375f972313ab7e18254c9753cb1c955ccb9b
  internal/sdk/models/operations/cancelsimulatorbuild.go:
    id: 67f77e66dd27
    last_write_checksum: sha1:3d82c6c70992e894112902fafef0b2520c24eade
    pristine_git_object: 692efe783c2e6a0628d9c32a19c98b06f2a5a54d
  internal/sdk/models/operations/cancelworldbuild.go:
    id: 2329ee8201a3
    last_write_checksum: sha1:5b4eabaaec80d12494bfa64aa2f368132804de4a
    pristine_git_object: 239210f191474f0c9a046bc0aef8e60aa01ba88e
  internal/sdk/models/operations/createsimulation.go:
    id: d5ade3b7e123
    last_write_checksum: sha1:bd3bc49e2be4256f3b9f3bd9acb77a01ea249d10
    pristine_git_object: 67b5ac11215cb5c39ec2b8aaf191e137280c183c
  internal/sdk/models/operations/deletesimulation.go:
    id: 43e4ecf77238
    last_write_checksum: sha1:b56602a3f7896c310a0a21f5f614e885ceddd6b7
    pristine_git_object: de9a7c3039a4925ba11b47b564fc74c04c06445b
  internal/sdk/models/operations/deletesimulator.go:
    id: c5fe4a22df2b
    last_write_checksum: sha1:b345ca5b2fdd8cd8078d4e7f04d2b4317930e508
    pristine_git_object: c863505d28e6934f91aef382f83f0d44cf1f8b1c
  internal/sdk/models/operations/deleteworld.go:
    id: ba1e2f77c6ca
    last_write_checksum: sha1:80482f818e7b1220d00ac14360b773cec6511f10
    pristine_git_object: 5b3fb5419c12c46580df889b259938f4ea6a61cc
  internal/sdk/models/operations/forksimulation.go:
    id: 35c03c39a691
    last_write_checksum: sha1:a175c1b07e13f8fdd6e88d31507062009e7db262
    pristine_git_object: 453cafd0212db56b1c0b205c9823cbffb6365ee6
  internal/sdk/models/operations/getsimulation.go:
    id: 89d747a15c6c
    last_write_checksum: sha1:fa00c842c6de5c14ef715e1a30d1e02ccbd0a597
    pristine_git_object: 2021f4d63df5be3a951c6019138ca0216097524d
  internal/sdk/models/operations/getsimulator.go:
    id: 3a569232d9c6
    last_write_checksum: sha1:524b35f9b448cb81a74a28a5f4b8e8bbf2e88e13
    pristine_git_object: 0a75ae3f4a9f3a37d012adfc3ba306cee6760aa8
  internal/sdk/models/operations/getworld.go:
    id: 7ea67f998ac5
    last_write_checksum: sha1:e4a623089a916d27685ae55a1f01024caa5de642
    pristine_git_object: c470ee8689a4cb5f8d0c550ce4cc8609cbc3b656
  internal/sdk/models/operations/listsimulations.go:
    id: b5b7771571e1
    last_write_checksum: sha1:4e0315391dffcd9a5e81010a1831765912be45e9
    pristine_git_object: 0856dec94fdb5052733be55079707e018ffff0f8
  internal/sdk/models/operations/listsimulationsteps.go:
    id: ce33dd517bd6
    last_write_checksum: sha1:6dbf45cf26be1e4845993330ac0905af0c8b9aa2
    pristine_git_object: a16c533171cfc47a68ecc852fa945fdab6230575
  internal/sdk/models/operations/listsimulators.go:
    id: e900cac38937
    last_write_checksum: sha1:8f571a709bd4be45134ec90c53221329ee942ab3
    pristine_git_object: c21bbfd08c8711b71396c134c29ebbac26ab115d
  internal/sdk/models/operations/listworlds.go:
    id: b4f2dbae21ef
    last_write_checksum: sha1:a7957c719c06d1108cbf5f2102acd015e6dcdb9f
    pristine_git_object: f41efe4911cedc90079e558ddc7a6e8f801945dd
  internal/sdk/models/operations/mintsimulationtoken.go:
    id: 0a3027a06deb
    last_write_checksum: sha1:6d6c22054466b27b2d0c426cc20e414d6d00379d
    pristine_git_object: 9ff283dce8da85263cd30df5d7be5d1ef691f9b5
  internal/sdk/models/operations/options.go:
    id: 6d0d29414e00
    last_write_checksum: sha1:f98673acbcdee553bde18771b2246f33c5a897d4
    pristine_git_object: f45ea3837fc09da6ff9eea106aa86e63b9e13e4e
  internal/sdk/models/operations/startsimulation.go:
    id: 73ecedbae067
    last_write_checksum: sha1:26327604d3c8e9a31fe34b9454209e31fddb0c69
    pristine_git_object: c102fffe4f746644b0cd3ca7913b247c65f14d2b
  internal/sdk/models/operations/startworld.go:
    id: 14230627edb0
    last_write_checksum: sha1:b3cd919bc3dbdb0e5563a475e8c4a37a5cbf1107
    pristine_git_object: d696554973efbc884a82d850f2b959282288ba49
  internal/sdk/models/operations/stopsimulation.go:
    id: 3cb9a3e56e9c
    last_write_checksum: sha1:3099073dbcd1adad16c72843df779cf138c904ee
    pristine_git_object: 10abe3fb1aeda223f05cd624626a92e3ccc5ec1a
  internal/sdk/models/operations/stopworld.go:
    id: a5c1f070644e
    last_write_checksum: sha1:3b008dbd5ffac903bf275c40893e00e493950456
    pristine_git_object: 6d66d56a0a2ba8dc5cca625e1b71c8dc9c0dfe91
  internal/sdk/models/sdkerrors/error.go:
    id: 4e5f6c928f11
    last_write_checksum: sha1:3b6cf1c908ac070ea138596faad780d06fd490fb
    pristine_git_object: 9d10d855879ede73fdde86d1cbd14908072d73fa
  internal/sdk/models/sdkerrors/sdkdefaulterror.go:
    id: 78e4ee2e2586
    last_write_checksum: sha1:437b3a3eacb54d8648a68f80b3cd38fa5019f006
    pristine_git_object: 29ad145394a59846a19bcb95c3f4cb4e0d5ba373
  internal/sdk/optionalnullable/optionalnullable.go:
    id: 4b83aa3f3df3
    last_write_checksum: sha1:d6aff1a420c31e025ea21d46cf056e305ae76fe8
    pristine_git_object: c6739be0619b6726565e0f11855ffe44b0e5607e
  internal/sdk/retry/config.go:
    id: 7ea5fa9128b6
    last_write_checksum: sha1:102d1953fbd7e9f312c4442c71ccca2eaaeaa27d
    pristine_git_object: 767002c7898128324d8741ce9c534bd466492169
  internal/sdk/sdkinternal/config/sdkconfiguration.go:
    id: f175ab9b0273
    last_write_checksum: sha1:eadf22df9103ca68a64193302b41cb9780bf045c
    pristine_git_object: b4fdf9f2995a9f0a8127e36f61e2fd246eecbdab
  internal/sdk/sdkinternal/hooks/hooks.go:
    id: 0cdbe7360fd5
    last_write_checksum: sha1:793de46e37f6475acc7ee8cec8af12594cf2339b
    pristine_git_object: 71581ee6356d41fd814722ec08afc9e9cbcbf55f
  internal/sdk/sdkinternal/utils/contenttype.go:
    id: ad544f05ded3
    last_write_checksum: sha1:ab5cfd860d02c6e6a37f89e2b5649a9859947fb1
    pristine_git_object: f6487e01eb987c0aa49e7aa50b5ff24830314c63
  internal/sdk/sdkinternal/utils/env.go:
    id: 53fb5707bfee
    last_write_checksum: sha1:1e0bcb2d2caed9f3657f1dbc99b55811bed0298c
    pristine_git_object: 110d464eacf2387b347bad1cb903666354a339e9
  internal/sdk/sdkinternal/utils/form.go:
    id: d685469eb548
    last_write_checksum: sha1:f55495a88bb6839a08f03a35247300324aea3edf
    pristine_git_object: 08a1a4410ae7550612a1d3e109d8166ec034e4fa
  internal/sdk/sdkinternal/utils/headers.go:
    id: 8688b3dd5618
    last_write_checksum: sha1:a58351c1add0f1fb08ffe8c711a02306acb8c95b
    pristine_git_object: 53fdae248952f5371c30080e844043fd2513a21b
  internal/sdk/sdkinternal/utils/json.go:
    id: 3204a301ca6d
    last_write_checksum: sha1:ff9fcc77eb847b238bb242c4c979e41aaf351b48
    pristine_git_object: e65dac24d48cb836b579b4ea9a2a84e81f579a4d
  internal/sdk/sdkinternal/utils/pathparams.go:
    id: 9fe9b40a3c1c
    last_write_checksum: sha1:7037fbb9e850b120ee6f3a20be7a0690677420f4
    pristine_git_object: 718927a82c878fc730999eb25bcb3702f721fdd5
  internal/sdk/sdkinternal/utils/queryparams.go:
    id: beaa4ae6c0a4
    last_write_checksum: sha1:c9606ecb27449642f605976b54e33422a487a156
    pristine_git_object: 10891f6599a09165fc3968144c95a8d872428fa2
  internal/sdk/sdkinternal/utils/requestbody.go:
    id: d0da812b8a0b
    last_write_checksum: sha1:5bc0306d6537b51e9996c22edda8210e3d899937
    pristine_git_object: 8d085ab3abf25a8bea311186f7e1257b30e9637a
  internal/sdk/sdkinternal/utils/retries.go:
    id: 95ebeea8a512
    last_write_checksum: sha1:a4e824d5c6583a3ea9f8e7c1dbd0c67a824e9224
    pristine_git_object: 5440993ffa3d868e490040e05fe0d0d005a90522
  internal/sdk/sdkinternal/utils/security.go:
    id: 3c39d5f860f3
    last_write_checksum: sha1:49fee4e9252239953611e6de36f4682851499ab5
    pristine_git_object: a2332ee8de013a2121880e4b7be332d3385c6f41
  internal/sdk/sdkinternal/utils/union.go:
    id: ec0c94b40a7d
    last_write_checksum: sha1:85a7adba76db45c9046bc4ef994817a83517c2a6
    pristine_git_object: 82308d108244e5564a8ee918f46d3b5e96241388
  internal/sdk/sdkinternal/utils/utils.go:
    id: f79aa64cde4d
    last_write_checksum: sha1:0836cfcfcbd045add0143bb219266a2189faecec
    pristine_git_object: 9106bda3d5505a23fb667b7cadcd91bf5aebef54
  internal/sdk/simulations.go:
    id: b61054fc5892
    last_write_checksum: sha1:b9311ff996149834c77a12906fc188aa2fc64e5e
    pristine_git_object: 5ac4f1792bc0d7c974c4d572dc791b5ba96d34f8
  internal/sdk/simulators.go:
    id: 847405821e0b
    last_write_checksum: sha1:43a6ebf11cbbfef3981d486f77fbaed40fc376a9
    pristine_git_object: 5365f9dcd22cb458a6abd0fb8a8f5744fc74f8c9
  internal/sdk/types/bigint.go:
    id: fc530b70337e
    last_write_checksum: sha1:49b004005d0461fb04b846eca062b070b0360b31
    pristine_git_object: 9c6a086d51595888a6ff787ebcb8693559afee95
  internal/sdk/types/date.go:
    id: c4bff082c66f
    last_write_checksum: sha1:3036a2e1ed15a1d484c093367eba000c38f384d0
    pristine_git_object: 5b2782f219efe6bfbce46fc2dec68998eb759438
  internal/sdk/types/datetime.go:
    id: a8109857c712
    last_write_checksum: sha1:196d050af6450669214e9ae4fd28e56263ae2b5d
    pristine_git_object: 3eff332daa04e34cec5ffb10add670bafd8ac454
  internal/sdk/types/pointers.go:
    id: 2f3f971639f6
    last_write_checksum: sha1:fc2275ea006257ba9ba4ff6f2a2cdb6205371eef
    pristine_git_object: 35c439d2661e08fcb6a854096fd7b9a8561b3938
  internal/sdk/worlds.go:
    id: 9c366ad7982f
    last_write_checksum: sha1:42551cf4d4e8208899a60c27253baf9cea51a005
    pristine_git_object: 38ed9d04068461eb31fde8cdfd956fe7b902cd00
  internal/testclient/testclient.go:
    id: 20fc511b8b00
    last_write_checksum: sha1:7107e59d336235c44af152c5a61ee3896a7841fa
    pristine_git_object: 159a87ec97aba99e4edd132f69652e123434303e
  internal/usage/schema.go:
    id: 0f40f4612437
    last_write_checksum: sha1:cf13ee6d7869f748adf0489a430ebeee5a468e83
    pristine_git_object: 434196452701028b448c9d2727bb35c20691f72a
  scripts/install.ps1:
    id: fee0853709e9
    last_write_checksum: sha1:2da33f25afaa301dc2a22ac12654c585cef5c572
    pristine_git_object: 56911f5dd59a2856ffe94cf9631c3cc714ffb10a
  scripts/install.sh:
    id: 1f022802374d
    last_write_checksum: sha1:a40f610f2fa22f0c6f95daed6c152d1ec335efc5
    pristine_git_object: 5020953e6d05378b9d1de6df5a81bc3013bab7fe
examples:
  list-simulations:
    bad_request:
      parameters:
        query:
          limit: 50
      responses:
        "400":
          application/problem+json: {"code": "bad_request", "detail": "The cursor is invalid."}
        "500":
          application/problem+json: {"code": "bad_request", "detail": "The cursor is invalid."}
    simulator_unknown:
      parameters:
        query:
          limit: 50
      responses:
        "400":
          application/problem+json: {"code": "simulator_unknown", "detail": "No Simulator was found with ID \"smr_01J8Z5X4K7M2N9P0Q1R2S3T4V5\"."}
        "500":
          application/problem+json: {"code": "simulator_unknown", "detail": "No Simulator was found with ID \"smr_01J8Z5X4K7M2N9P0Q1R2S3T4V5\"."}
    speakeasy-default-list-simulations:
      parameters:
        query:
          limit: 50
      responses:
        "200":
          application/json: {"next_cursor": "<value>", "simulations": [{"created_at": "2026-01-15T12:00:00Z", "endpoint": "https://api.continuouslabs.ai/sim/sim_01J8Z5X4K7M2N9P0Q1R2S3T4V6", "id": "sim_01J8Z5X4K7M2N9P0Q1R2S3T4V6", "name": "billing-sandbox", "parent_id": "sim_01J8Z5X4K7M2N9P0Q1R2S3T4V8", "simulator_id": "smr_01J8Z5X4K7M2N9P0Q1R2S3T4V5", "status": "running"}]}
        "400":
          application/problem+json: {"code": "<value>", "detail": "<value>"}
        "500":
          application/problem+json: {"code": "<value>", "detail": "<value>"}
  create-simulation:
    simulator_unknown:
      requestBody:
        application/json: {"name": "billing-sandbox", "simulator_id": "smr_01J8Z5X4K7M2N9P0Q1R2S3T4V5"}
      responses:
        "400":
          application/problem+json: {"code": "simulator_unknown", "detail": "No Simulator was found with ID \"smr_01J8Z5X4K7M2N9P0Q1R2S3T4V5\"."}
        "500":
          application/problem+json: {"code": "simulator_unknown", "detail": "No Simulator was found with ID \"smr_01J8Z5X4K7M2N9P0Q1R2S3T4V5\"."}
    speakeasy-default-create-simulation:
      requestBody:
        application/json: {"name": "billing-sandbox", "simulator_id": "smr_01J8Z5X4K7M2N9P0Q1R2S3T4V5"}
      responses:
        "201":
          application/json: {"created_at": "2026-01-15T12:00:00Z", "endpoint": "https://api.continuouslabs.ai/sim/sim_01J8Z5X4K7M2N9P0Q1R2S3T4V6", "expires_at": "2026-01-15T13:00:00Z", "id": "sim_01J8Z5X4K7M2N9P0Q1R2S3T4V6", "name": "billing-sandbox", "parent_id": "sim_01J8Z5X4K7M2N9P0Q1R2S3T4V8", "simulator_id": "smr_01J8Z5X4K7M2N9P0Q1R2S3T4V5", "status": "running", "token": "<redacted>"}
        "400":
          application/problem+json: {"code": "<value>", "detail": "<value>"}
        "500":
          application/problem+json: {"code": "<value>", "detail": "<value>"}
  delete-simulation:
    speakeasy-default-delete-simulation:
      parameters:
        path:
          id: "<id>"
      responses:
        "400":
          application/problem+json: {"code": "<value>", "detail": "<value>"}
        "500":
          application/problem+json: {"code": "<value>", "detail": "<value>"}
  get-simulation:
    speakeasy-default-get-simulation:
      parameters:
        path:
          id: "<id>"
      responses:
        "200":
          application/json: {"created_at": "2026-01-15T12:00:00Z", "endpoint": "https://api.continuouslabs.ai/sim/sim_01J8Z5X4K7M2N9P0Q1R2S3T4V6", "id": "sim_01J8Z5X4K7M2N9P0Q1R2S3T4V6", "name": "billing-sandbox", "parent_id": "sim_01J8Z5X4K7M2N9P0Q1R2S3T4V8", "simulator_id": "smr_01J8Z5X4K7M2N9P0Q1R2S3T4V5", "status": "running"}
        "400":
          application/problem+json: {"code": "<value>", "detail": "<value>"}
        "500":
          application/problem+json: {"code": "<value>", "detail": "<value>"}
  fork-simulation:
    speakeasy-default-fork-simulation:
      parameters:
        path:
          id: "<id>"
      requestBody:
        application/json: {"at_step": 42, "name": "billing-fork"}
      responses:
        "201":
          application/json: {"created_at": "2026-01-15T12:00:00Z", "endpoint": "https://api.continuouslabs.ai/sim/sim_01J8Z5X4K7M2N9P0Q1R2S3T4V6", "expires_at": "2026-01-15T13:00:00Z", "id": "sim_01J8Z5X4K7M2N9P0Q1R2S3T4V6", "name": "billing-sandbox", "parent_id": "sim_01J8Z5X4K7M2N9P0Q1R2S3T4V8", "simulator_id": "smr_01J8Z5X4K7M2N9P0Q1R2S3T4V5", "status": "running", "token": "<redacted>"}
        "400":
          application/problem+json: {"code": "<value>", "detail": "<value>"}
        "500":
          application/problem+json: {"code": "<value>", "detail": "<value>"}
  start-simulation:
    speakeasy-default-start-simulation:
      parameters:
        path:
          id: "<id>"
      responses:
        "200":
          application/json: {"created_at": "2026-01-15T12:00:00Z", "endpoint": "https://api.continuouslabs.ai/sim/sim_01J8Z5X4K7M2N9P0Q1R2S3T4V6", "id": "sim_01J8Z5X4K7M2N9P0Q1R2S3T4V6", "name": "billing-sandbox", "parent_id": "sim_01J8Z5X4K7M2N9P0Q1R2S3T4V8", "simulator_id": "smr_01J8Z5X4K7M2N9P0Q1R2S3T4V5", "status": "running"}
        "400":
          application/problem+json: {"code": "<value>", "detail": "<value>"}
        "500":
          application/problem+json: {"code": "<value>", "detail": "<value>"}
  list-simulation-steps:
    bad_request:
      parameters:
        path:
          id: "<id>"
        query:
          limit: 50
      responses:
        "400":
          application/problem+json: {"code": "bad_request", "detail": "The cursor is invalid."}
        "500":
          application/problem+json: {"code": "bad_request", "detail": "The cursor is invalid."}
    speakeasy-default-list-simulation-steps:
      parameters:
        path:
          id: "<id>"
        query:
          limit: 50
      responses:
        "200":
          application/json: {"next_cursor": "<value>", "steps": [{"label": "<value>", "step": 499364}]}
        "400":
          application/problem+json: {"code": "<value>", "detail": "<value>"}
        "500":
          application/problem+json: {"code": "<value>", "detail": "<value>"}
  stop-simulation:
    speakeasy-default-stop-simulation:
      parameters:
        path:
          id: "<id>"
      responses:
        "200":
          application/json: {"created_at": "2026-01-15T12:00:00Z", "endpoint": "https://api.continuouslabs.ai/sim/sim_01J8Z5X4K7M2N9P0Q1R2S3T4V6", "id": "sim_01J8Z5X4K7M2N9P0Q1R2S3T4V6", "name": "billing-sandbox", "parent_id": "sim_01J8Z5X4K7M2N9P0Q1R2S3T4V8", "simulator_id": "smr_01J8Z5X4K7M2N9P0Q1R2S3T4V5", "status": "running"}
        "400":
          application/problem+json: {"code": "<value>", "detail": "<value>"}
        "500":
          application/problem+json: {"code": "<value>", "detail": "<value>"}
  mint-simulation-token:
    speakeasy-default-mint-simulation-token:
      parameters:
        path:
          id: "<id>"
      requestBody:
        application/json: {"ttl_seconds": 3600}
      responses:
        "200":
          application/json: {"expires_at": "2026-01-15T13:00:00Z", "token": "<redacted>"}
        "400":
          application/problem+json: {"code": "<value>", "detail": "<value>"}
        "500":
          application/problem+json: {"code": "<value>", "detail": "<value>"}
  list-simulators:
    bad_request:
      parameters:
        query:
          limit: 50
      responses:
        "400":
          application/problem+json: {"code": "bad_request", "detail": "The cursor is invalid."}
        "500":
          application/problem+json: {"code": "bad_request", "detail": "The cursor is invalid."}
    speakeasy-default-list-simulators:
      parameters:
        query:
          limit: 50
      responses:
        "200":
          application/json: {"next_cursor": "<value>", "simulators": [{"created_at": "2026-01-15T12:00:00Z", "error": null, "id": "smr_01J8Z5X4K7M2N9P0Q1R2S3T4V5", "name": "billing-api", "parent_id": "smr_01J8Z5X4K7M2N9P0Q1R2S3T4V9", "source": "workspace", "status": "building"}]}
        "400":
          application/problem+json: {"code": "<value>", "detail": "<value>"}
        "500":
          application/problem+json: {"code": "<value>", "detail": "<value>"}
  build-simulator:
    simulator_unknown_parent:
      requestBody:
        multipart/form-data: {"request": {"builder": "claude", "filter": [], "instructions": "Return stable example data for every operation.", "name": "billing-api", "spec_kind": "openapi"}}
      responses:
        "400":
          application/problem+json: {"code": "simulator_unknown", "detail": "No Simulator was found with ID \"smr_01J8Z5X4K7M2N9P0Q1R2S3T4V5\"."}
        "500":
          application/problem+json: {"code": "simulator_unknown", "detail": "No Simulator was found with ID \"smr_01J8Z5X4K7M2N9P0Q1R2S3T4V5\"."}
    speakeasy-default-build-simulator:
      requestBody:
        multipart/form-data: {"request": {"builder": "claude", "filter": [], "instructions": "Return stable example data for every operation.", "name": "billing-api", "spec_kind": "openapi"}}
      responses:
        "202":
          application/json: {"created_at": "2026-01-15T12:00:00Z", "error": null, "id": "smr_01J8Z5X4K7M2N9P0Q1R2S3T4V5", "name": "billing-api", "parent_id": "smr_01J8Z5X4K7M2N9P0Q1R2S3T4V9", "source": "workspace", "status": "building"}
        "400":
          application/problem+json: {"code": "<value>", "detail": "<value>"}
        "500":
          application/problem+json: {"code": "<value>", "detail": "<value>"}
  delete-simulator:
    speakeasy-default-delete-simulator:
      parameters:
        path:
          id: "<id>"
      responses:
        "400":
          application/problem+json: {"code": "<value>", "detail": "<value>"}
        "500":
          application/problem+json: {"code": "<value>", "detail": "<value>"}
  get-simulator:
    speakeasy-default-get-simulator:
      parameters:
        path:
          id: "<id>"
      responses:
        "200":
          application/json: {"created_at": "2026-01-15T12:00:00Z", "error": null, "id": "smr_01J8Z5X4K7M2N9P0Q1R2S3T4V5", "name": "billing-api", "parent_id": "smr_01J8Z5X4K7M2N9P0Q1R2S3T4V9", "source": "workspace", "status": "building"}
        "400":
          application/problem+json: {"code": "<value>", "detail": "<value>"}
        "500":
          application/problem+json: {"code": "<value>", "detail": "<value>"}
  cancel-simulator-build:
    speakeasy-default-cancel-simulator-build:
      parameters:
        path:
          id: "<id>"
      responses:
        "200":
          application/json: {"created_at": "2026-01-15T12:00:00Z", "error": null, "id": "smr_01J8Z5X4K7M2N9P0Q1R2S3T4V5", "name": "billing-api", "parent_id": "smr_01J8Z5X4K7M2N9P0Q1R2S3T4V9", "source": "workspace", "status": "building"}
        "400":
          application/problem+json: {"code": "<value>", "detail": "<value>"}
        "500":
          application/problem+json: {"code": "<value>", "detail": "<value>"}
  list-worlds:
    bad_request:
      parameters:
        query:
          limit: 50
      responses:
        "400":
          application/problem+json: {"code": "bad_request", "detail": "The cursor is invalid."}
        "500":
          application/problem+json: {"code": "bad_request", "detail": "The cursor is invalid."}
    speakeasy-default-list-worlds:
      parameters:
        query:
          limit: 50
      responses:
        "200":
          application/json: {"next_cursor": "<value>", "worlds": [{"created_at": "2026-01-15T12:00:00Z", "error": null, "id": "wld_01J8Z5X4K7M2N9P0Q1R2S3T4V7", "instructions": "Use stable example data for each Simulator.", "simulations": [], "simulators": ["smr_01J8Z5X4K7M2N9P0Q1R2S3T4V5"], "status": "building"}]}
        "400":
          application/problem+json: {"code": "<value>", "detail": "<value>"}
        "500":
          application/problem+json: {"code": "<value>", "detail": "<value>"}
  build-world:
    simulator_unknown:
      requestBody:
        application/json: {"instructions": "Use stable example data for each Simulator.", "simulators": ["smr_01J8Z5X4K7M2N9P0Q1R2S3T4V5"]}
      responses:
        "400":
          application/problem+json: {"code": "simulator_unknown", "detail": "No Simulator was found with ID \"smr_01J8Z5X4K7M2N9P0Q1R2S3T4V5\"."}
        "500":
          application/problem+json: {"code": "simulator_unknown", "detail": "No Simulator was found with ID \"smr_01J8Z5X4K7M2N9P0Q1R2S3T4V5\"."}
    speakeasy-default-build-world:
      requestBody:
        application/json: {"instructions": "Use stable example data for each Simulator.", "simulators": ["smr_01J8Z5X4K7M2N9P0Q1R2S3T4V5"]}
      responses:
        "202":
          application/json: {"created_at": "2026-01-15T12:00:00Z", "error": null, "id": "wld_01J8Z5X4K7M2N9P0Q1R2S3T4V7", "instructions": "Use stable example data for each Simulator.", "simulations": [], "simulators": ["smr_01J8Z5X4K7M2N9P0Q1R2S3T4V5"], "status": "building"}
        "400":
          application/problem+json: {"code": "<value>", "detail": "<value>"}
        "500":
          application/problem+json: {"code": "<value>", "detail": "<value>"}
  delete-world:
    speakeasy-default-delete-world:
      parameters:
        path:
          id: "<id>"
      responses:
        "400":
          application/problem+json: {"code": "<value>", "detail": "<value>"}
        "500":
          application/problem+json: {"code": "<value>", "detail": "<value>"}
  get-world:
    speakeasy-default-get-world:
      parameters:
        path:
          id: "<id>"
      responses:
        "200":
          application/json: {"created_at": "2026-01-15T12:00:00Z", "error": null, "id": "wld_01J8Z5X4K7M2N9P0Q1R2S3T4V7", "instructions": "Use stable example data for each Simulator.", "simulations": [], "simulators": ["smr_01J8Z5X4K7M2N9P0Q1R2S3T4V5"], "status": "building"}
        "400":
          application/problem+json: {"code": "<value>", "detail": "<value>"}
        "500":
          application/problem+json: {"code": "<value>", "detail": "<value>"}
  cancel-world-build:
    speakeasy-default-cancel-world-build:
      parameters:
        path:
          id: "<id>"
      responses:
        "200":
          application/json: {"created_at": "2026-01-15T12:00:00Z", "error": null, "id": "wld_01J8Z5X4K7M2N9P0Q1R2S3T4V7", "instructions": "Use stable example data for each Simulator.", "simulations": [], "simulators": ["smr_01J8Z5X4K7M2N9P0Q1R2S3T4V5"], "status": "building"}
        "400":
          application/problem+json: {"code": "<value>", "detail": "<value>"}
        "500":
          application/problem+json: {"code": "<value>", "detail": "<value>"}
  start-world:
    speakeasy-default-start-world:
      parameters:
        path:
          id: "<id>"
      responses:
        "200":
          application/json: {"created_at": "2026-01-15T12:00:00Z", "error": null, "id": "wld_01J8Z5X4K7M2N9P0Q1R2S3T4V7", "instructions": "Use stable example data for each Simulator.", "simulations": [], "simulators": ["smr_01J8Z5X4K7M2N9P0Q1R2S3T4V5"], "status": "building"}
        "400":
          application/problem+json: {"code": "<value>", "detail": "<value>"}
        "500":
          application/problem+json: {"code": "<value>", "detail": "<value>"}
  stop-world:
    speakeasy-default-stop-world:
      parameters:
        path:
          id: "<id>"
      responses:
        "200":
          application/json: {"created_at": "2026-01-15T12:00:00Z", "error": null, "id": "wld_01J8Z5X4K7M2N9P0Q1R2S3T4V7", "instructions": "Use stable example data for each Simulator.", "simulations": [], "simulators": ["smr_01J8Z5X4K7M2N9P0Q1R2S3T4V5"], "status": "building"}
        "400":
          application/problem+json: {"code": "<value>", "detail": "<value>"}
        "500":
          application/problem+json: {"code": "<value>", "detail": "<value>"}
examplesVersion: 1.0.2
