lockVersion: 2.0.0
id: ad7b08dc-357d-414c-9f26-16cfbc099767
management:
  docChecksum: b78134a4b9138e88b87adae6d9276e53
  docVersion: v1
  speakeasyVersion: 1.796.4
  generationVersion: 2.935.1
  releaseVersion: 0.1.0
  configChecksum: cabb2f9c6ccb5e901bcc347c98aa6969
persistentEdits:
  generation_id: d185b320-ac08-455d-812d-eef72ad8016a
  pristine_commit_hash: c820d1b3aeb2e178c901d6520e70cd1ae9028108
  pristine_tree_hash: 58c32bf3e4306d2670eb8c48e9ca6702778e1aae
features:
  cli:
    constsAndDefaults: 0.0.0
    core: 0.2.19
    globalSecurity: 0.0.1
    globalServerURLs: 0.0.0
    responseFormat: 0.1.1
trackedFiles:
  USAGE.md:
    id: 3aed33ce6e6f
    last_write_checksum: sha1:44aa06e6ee0bdc4c0f94f7c6759199ea1c0020ab
    pristine_git_object: 8b3be7393e61a5399ae94d2e56754becc74195a9
  cmd/continuous/main.go:
    id: ba408841b51f
    last_write_checksum: sha1:c909a02466c50e5174be5f2ada82a1d34015ae5a
    pristine_git_object: 5ceab8d896fc56730a4122726b57e27e6dba0a13
  cmd/gendocs/main.go:
    id: 20d9382a7dff
    last_write_checksum: sha1:720b676ec101427c6fd0b5dca7a29b0dd6ece831
    pristine_git_object: 3edfed2b89809179a092cb4b15e4f5c186d11cb8
  go.mod:
    id: c47645c391ad
    last_write_checksum: sha1:a57ede2bcf43284d29f04a35629a24e1516eaace
    pristine_git_object: bdb4e3e717e0ed3a68a08bb778a236374d87aded
  internal/cli/auth.go:
    id: 5ae1b1dce495
    last_write_checksum: sha1:1610b4a7539bd863be74fb290629f23a0f0c1117
    pristine_git_object: 5acc50ddb64649981d7dd40545aa69c2ac599ef2
  internal/cli/configure.go:
    id: 36d400bc4372
    last_write_checksum: sha1:8691c299b809322ab1f7f488af4ad1ce05b152f4
    pristine_git_object: f9d9c86a027c1cca5f3db634419407fc76a17965
  internal/cli/masking.go:
    id: dd6ad60ba8bc
    last_write_checksum: sha1:5a69fa055d628c1b8507cd123f3cd18309aa9a53
    pristine_git_object: 50ef7ee485832714bbbc1c86cb50b7bcc8eb92c7
  internal/cli/root.go:
    id: 239d55a0d6be
    last_write_checksum: sha1:f9e087f5434fbd8dabc721d4d6ec39c8f699be4d
    pristine_git_object: 0b3dd83568231f713a023c2582ed526600b4e70e
  internal/cli/simulations/createsimulation.go:
    id: 21bbb066ec37
    last_write_checksum: sha1:600e0b352831c4a004936a144c0e314777db146d
    pristine_git_object: fbd55182db8864cd0116095d3b267d1a5a7564f9
  internal/cli/simulations/deletesimulation.go:
    id: 0f87ec7a53c2
    last_write_checksum: sha1:672344706d7f73a9e1b03c8659351fbc77951294
    pristine_git_object: 121f2cf25432de15271d8467d629caf845566133
  internal/cli/simulations/forksimulation.go:
    id: 36947b39e528
    last_write_checksum: sha1:836f308718354ef4da8e7f7d5faef2dd05941824
    pristine_git_object: 64efb689732e8e21d993753c9d7638ddf2440ad2
  internal/cli/simulations/getsimulation.go:
    id: 6c0a3643e748
    last_write_checksum: sha1:a5d3fc955f0b8af9d3dcf61defdcce2b591202fc
    pristine_git_object: 57c4d5581bdce0b9672b9c1d6aaef6e3453c3a28
  internal/cli/simulations/listsimulations.go:
    id: ec9b43ba5a16
    last_write_checksum: sha1:73c12b3299dd3302534657205a0ea93f2efb2908
    pristine_git_object: 84e92143cdf53d5decc0ade0bc917c9ab04bb7fe
  internal/cli/simulations/listsimulationsteps.go:
    id: 495e2ecce809
    last_write_checksum: sha1:aef0fc0f0310e155a598571f00c7c00840729583
    pristine_git_object: 30e86bb0943ac28a13d581763d5f914d88153cba
  internal/cli/simulations/mintsimulationtoken.go:
    id: 9ec41342408d
    last_write_checksum: sha1:a7f5eab97096e73d845ecaaf8471ec3f5e55b7ad
    pristine_git_object: 47fb877b3d9350217f0448f61668bc43e4182fe7
  internal/cli/simulations/root.go:
    id: 53da55474864
    last_write_checksum: sha1:3fa2f719926a1e05f220179ccb81f16f1eb727e0
    pristine_git_object: 3c13f0db7d1f6a49359525a5b7b29751f72c25e2
  internal/cli/simulations/startsimulation.go:
    id: 958554851b56
    last_write_checksum: sha1:4a0bfac50ffdcb43c2a68128525672b65484a55e
    pristine_git_object: b5f223f191543a2d11dbd637089f9bc41ddc1aff
  internal/cli/simulations/stopsimulation.go:
    id: c58a618f9a5b
    last_write_checksum: sha1:4052ba1aa141e54b97f30d1f8b43ccd6eafea839
    pristine_git_object: 991aa26b60b12d034b6774cadc58cd360ff99b60
  internal/cli/simulators/buildsimulator.go:
    id: 8588410bc4ea
    last_write_checksum: sha1:ad6af56a87114213f66d121e24ca1a9f53089da3
    pristine_git_object: 6579e4dceccab7c3dbb48bb3268e38dccf8cd4a4
  internal/cli/simulators/cancelsimulatorbuild.go:
    id: c44fc1f9b425
    last_write_checksum: sha1:7ad1b18d294bb54504d99da7fbbdc8e5230e8ef2
    pristine_git_object: d683bce6772364c8779e5946ce9820c6ba7c8dc6
  internal/cli/simulators/deletesimulator.go:
    id: 67e02e3dea85
    last_write_checksum: sha1:fdca3842693a5f8be0f10df4b0cba7312ac040d2
    pristine_git_object: 3fcdd6f4e944fd1fa88d1b28caf8de0c9fb54398
  internal/cli/simulators/getsimulator.go:
    id: 20f995188632
    last_write_checksum: sha1:871a8963ff00c77421885cfa6dba8964b8899343
    pristine_git_object: 3eb2584abf7cca585822ab7b9e40dd930abaabb5
  internal/cli/simulators/listsimulators.go:
    id: ecc9475a4464
    last_write_checksum: sha1:7925a3f00ec9526149929d186084c29aa335875d
    pristine_git_object: 4fa4c7c85fb6a8750c57fad7b50b3531f8df6792
  internal/cli/simulators/root.go:
    id: dd5adf98eb19
    last_write_checksum: sha1:4f6cbe640cbd7d87842acbb36b6645d041979da4
    pristine_git_object: 776e4cffd5308c71fe067a35e09b211f31a5d018
  internal/cli/version.go:
    id: 7b0665492f72
    last_write_checksum: sha1:a4c4eb1252c02ed4d3e6e8d67fdaf19f1073d344
    pristine_git_object: a92989c8375e614ef760ebcf22cbc75d273ddbd3
  internal/cli/whoami.go:
    id: c1787f2298ec
    last_write_checksum: sha1:9b8e8f6830e556f749eede72d72b4f18d9881c28
    pristine_git_object: 81cdc9ce2868855a48fdd61d6c13790a8b7dc35d
  internal/cli/worlds/buildworld.go:
    id: eb895422f8bd
    last_write_checksum: sha1:1464c714113155cb7b37b0505b663af1ff9e1e13
    pristine_git_object: 0655fe8e1ba9afe6c1131b7c6391b0196be366f4
  internal/cli/worlds/cancelworldbuild.go:
    id: 68d7a9504376
    last_write_checksum: sha1:ed62f828995b57533b8f22efe8e3f31e28901ee9
    pristine_git_object: db889adfeecabb2798f864faadbf5dd72f198306
  internal/cli/worlds/deleteworld.go:
    id: 6c1187046558
    last_write_checksum: sha1:76c375c2284f4d2d9a6e383754f5b997489bd648
    pristine_git_object: b9a21a1516f9f7feb5afc38877205cf35386f38d
  internal/cli/worlds/getworld.go:
    id: 153cf101a428
    last_write_checksum: sha1:e544e0ee316739034e128eb796dcd48b7cffe99b
    pristine_git_object: 663621cae43ca48af9612bcb3cecfd5776593860
  internal/cli/worlds/listworlds.go:
    id: abed3cc73571
    last_write_checksum: sha1:a33b223d8f7d63d010d0bad9b48b829d1b7dc002
    pristine_git_object: 634f3f08a72ea192691cf2ea797b8df118d8116d
  internal/cli/worlds/root.go:
    id: b18f0d16d28c
    last_write_checksum: sha1:d9cccca49c579861b4235483cf7d180b99569d7d
    pristine_git_object: 236f323a475fc50549795a1cd6b647151107a4d5
  internal/cli/worlds/startworld.go:
    id: 5cb05ab50e4a
    last_write_checksum: sha1:9bce12e4a99a76ebe8e205bdb561e2d8332d6de8
    pristine_git_object: b705b0d0661097af4e814e8acef062ceb6b37a8a
  internal/cli/worlds/stopworld.go:
    id: 0ffd028b8702
    last_write_checksum: sha1:fc91bceb518dbf7c0e6bf20396a74f2d2e464fb3
    pristine_git_object: b64caf89c3c893ec64ac6a4b4efaccb3b147e0ba
  internal/client/client.go:
    id: 5898305eedad
    last_write_checksum: sha1:e1df9e207657f75ca96f08eba3b15f8f8eea0bbb
    pristine_git_object: 320659e83bfafb7541cadf67e927ffeee30003df
  internal/client/diagnostics.go:
    id: b4a77b4f6df9
    last_write_checksum: sha1:20ad3b56ff6b8996cc8ca7f1073824f4b645c565
    pristine_git_object: 39c03071903e537af91aeadcfb6969eae8559dde
  internal/config/config.go:
    id: 4ccc1a5e56a7
    last_write_checksum: sha1:94a63d2bc8ce32c0efc877785bad12bab4cffefd
    pristine_git_object: 03aed557c7c691fc28fd360d4b4835a175bcef4f
  internal/config/keyring.go:
    id: 61bf1449e290
    last_write_checksum: sha1:f72a8a7e8804523766bac15ca99e97af94c8ff30
    pristine_git_object: d4499e5814718c226b6cc692dffad4315e23e35d
  internal/explorer/explorer.go:
    id: 544a9bc78db8
    last_write_checksum: sha1:fce74125eb90e8db82b77cc0f0c96d10bc30bfb9
    pristine_git_object: 5ef8f627ea103e8970265e216e4a49945dfd9b06
  internal/explorer/styles.go:
    id: f50091b6a6af
    last_write_checksum: sha1:2828c2efe410bee01a8563e1cf7cc985d4d29ee8
    pristine_git_object: f1124744344d02757ed0a8c87518a714e59cb854
  internal/explorer/tree.go:
    id: 81129f3c3c04
    last_write_checksum: sha1:16dea1c4b16d808202bf0c6f819fb5fba285ade7
    pristine_git_object: c85dee2441a6a8490edc0a5e7fbf33cde92f088e
  internal/explorer/tui.go:
    id: 9bee7d6a891e
    last_write_checksum: sha1:6323b44c3089bf6cab45c7c7df1d862fea349b7c
    pristine_git_object: 7035f3c6dbeb6eb30001ddb1d6d8ba97802183e3
  internal/flagutil/flags.go:
    id: 9e81d6ab2674
    last_write_checksum: sha1:d4a4640b46562ae38fb0d55ec14eee7a7bcc7601
    pristine_git_object: 469b0c9597280df2da7d1bda77c7ea06f9ed132f
  internal/flagutil/metadata.go:
    id: d22ccf2128e9
    last_write_checksum: sha1:0f88ffe68eef59ed5e365289cdd5a2c4fa4f5409
    pristine_git_object: b6da37954a23aeef460853cd21f23bb53f90cc73
  internal/interactive/interactive.go:
    id: 35e3347980bb
    last_write_checksum: sha1:058fc7c8af4120be09dd2ca766fe38605fd14427
    pristine_git_object: 1140b46c80cba85673c5a5ac52b805c0aabec4b1
  internal/output/agentmode.go:
    id: de6b0ed77d1c
    last_write_checksum: sha1:05473cbb4bb4f1ff55f9dbbc5b9be263aaa93de8
    pristine_git_object: 4d64b5be004152a251e51c932a671e5866f18a86
  internal/output/color.go:
    id: d240050a2a84
    last_write_checksum: sha1:c618ec769569213c248114c0e42b07582fffefcc
    pristine_git_object: d7c74560e580e33392f0667297d9fd6f5f0cd55e
  internal/output/jq.go:
    id: a0e589d8385d
    last_write_checksum: sha1:37f028aa252cf0ae8b4c90b49396bcddab05c900
    pristine_git_object: 93e700b50ec83246fa1ac65b530c41f89cb0806f
  internal/output/output.go:
    id: a9c3352b3b56
    last_write_checksum: sha1:6c7569f08d4cda11b0e2aec80e1bfe1f55d76061
    pristine_git_object: 3c15ab66e2796edf47b7016fcc7ba0ae276427a2
  internal/output/pretty.go:
    id: ef4c76789fd4
    last_write_checksum: sha1:3a40fae5d40a578667ba06448419d8f6c5549e20
    pristine_git_object: 942a964e78a81ad9d9590cc67138a0c4c3569fc9
  internal/sdk/continuoussimulation.go:
    id: af3aeba7b54c
    last_write_checksum: sha1:9cc1aecbab33276ad36a0fe12806c604c85927e9
    pristine_git_object: 5c7d4bd537e737b6490eb11d5157c9436e6fd2a5
  internal/sdk/models/components/buildsimulatorrequest.go:
    id: 510b20fc8bb2
    last_write_checksum: sha1:2dee8f674dbeff7b7f4f9a5225208a3cac5ea807
    pristine_git_object: e0c377fc27d391abae589f0bbf94cb5e543e2f9f
  internal/sdk/models/components/buildworldrequest.go:
    id: 8827e29faed8
    last_write_checksum: sha1:62c3234f9f637cb34f17e556da4386de686876ee
    pristine_git_object: bb5901b987ff17826fd663d19fc3baa1724a2db6
  internal/sdk/models/components/createdsimulation.go:
    id: 4b3913365b48
    last_write_checksum: sha1:92a59be738d40d11973cef4b5c7039b6941f50ca
    pristine_git_object: 4f749df565effa09e7a6eb4eb9b0a27af7374ada
  internal/sdk/models/components/createsimulationrequest.go:
    id: 6748442be31e
    last_write_checksum: sha1:f5605bdc2c2e06d216f8bc10cbd06b7cf8499c24
    pristine_git_object: 64196bd8651144c4b8af4f19825bd52b2b54e5a7
  internal/sdk/models/components/forksimulationrequest.go:
    id: 62005b08d17f
    last_write_checksum: sha1:cc1b3191608fd781afb24145fd363cbcc77aa035
    pristine_git_object: 4549d5b805e2a1691e1fe7f096b988d026e1dbe3
  internal/sdk/models/components/httpmetadata.go:
    id: 2e30cdb779b3
    last_write_checksum: sha1:01a20fcff33179809ff9920ee431c7adabbd98f1
    pristine_git_object: 148ec47fb2dea6c188ec68eb3532d93169608168
  internal/sdk/models/components/listsimulationsresponse.go:
    id: e64441286d19
    last_write_checksum: sha1:f1f9405f3eb00a9c0430b19b16773e03d1b8d06e
    pristine_git_object: f5104009a30f7122a6933baf59dd433f607e510f
  internal/sdk/models/components/listsimulationstepsresponse.go:
    id: 01831fea6810
    last_write_checksum: sha1:b0b7e9139b709ea0568e346c15fd8383083caa35
    pristine_git_object: 676a9c4deaabaa78aad34e15c07888576b7d20f9
  internal/sdk/models/components/listsimulatorsresponse.go:
    id: f7ef11ac4614
    last_write_checksum: sha1:406765b8e56b26f2fff55dd5bc24489b65549ad2
    pristine_git_object: 9d94481855a3f7b47506b169b202ba7cf720bdd8
  internal/sdk/models/components/listworldsresponse.go:
    id: bc0a35987031
    last_write_checksum: sha1:509d6a44e109bbe09e2f9e1fcbc88b7baea1ec5b
    pristine_git_object: 684cb65521d8caeccc31ffb61aec4a1a3906f757
  internal/sdk/models/components/mintsimulationtokenrequest.go:
    id: ab895b57b02d
    last_write_checksum: sha1:4cae7c76c7b51be5cfbe882273a18cee0939d106
    pristine_git_object: 79e6c7f4f32ff73834dfcf0754e12ddfe9805ed0
  internal/sdk/models/components/resourceerror.go:
    id: 9c32e98b4d1d
    last_write_checksum: sha1:8eb52f3a4ef2f41f3f4655a811d655da61a85269
    pristine_git_object: afe4a229b674574ad5c93b24682ccd346055b0eb
  internal/sdk/models/components/security.go:
    id: c1a78fe12ea5
    last_write_checksum: sha1:a1a4d7a9c50f9ee03c71cf64dcc3a9af08d053d7
    pristine_git_object: eca801da09061c06c8ca5a5c1229134922c4e601
  internal/sdk/models/components/simulation.go:
    id: c8c8df785fde
    last_write_checksum: sha1:26ca9a3da3589cdc760ce97e21a55d3980474e1c
    pristine_git_object: c08e20d2563466268dc99d22351ea14609c24dbd
  internal/sdk/models/components/simulationtoken.go:
    id: bcf4f68395c0
    last_write_checksum: sha1:96d6aacdb15d4048638df7eeef4ff75e07a86e23
    pristine_git_object: 6c26344e69b93842494177b43d7d36973ed6cfaf
  internal/sdk/models/components/simulator.go:
    id: cb287534b8b9
    last_write_checksum: sha1:c4389a8b7f7f700b650a5074108b543b72966c7b
    pristine_git_object: 36b896b345272f9eabf4d67f56fb5682eab22e07
  internal/sdk/models/components/step.go:
    id: 35b6e20c4bef
    last_write_checksum: sha1:05f79cb9c3338d2c0358918cf5f1d82270437421
    pristine_git_object: d0b035740536e4b000eb31b1de00b3029e00795e
  internal/sdk/models/components/world.go:
    id: cca25436961e
    last_write_checksum: sha1:9111d7e5f19e310e55c9ff616af2e9d0a9a5763d
    pristine_git_object: 2b8f72c64ea90d948b586bb6adf0eea32c1f3da6
  internal/sdk/models/components/worldsimulation.go:
    id: 1ad1eacbebff
    last_write_checksum: sha1:ad36679c10e38f17d5519fba8380ba94e6e04eda
    pristine_git_object: aa1cb19bfbd750e46fe442c3ee9369ebce2cdcb9
  internal/sdk/models/operations/buildsimulator.go:
    id: 0ead813b1137
    last_write_checksum: sha1:af4443a141fe6fcd449d8625d14ab743f0a72e9b
    pristine_git_object: 38c641ee540c28926685f5f297dbdc41c579592c
  internal/sdk/models/operations/buildworld.go:
    id: ae2781abebd1
    last_write_checksum: sha1:6fe8647360358d987d318e6991bb225b35944828
    pristine_git_object: 7070375f972313ab7e18254c9753cb1c955ccb9b
  internal/sdk/models/operations/cancelsimulatorbuild.go:
    id: 67f77e66dd27
    last_write_checksum: sha1:3888ac8bece57c1ca0993bc8e7f32fb40fcb43a7
    pristine_git_object: d026966773068d84497c82ed1628d50bb53ab9a8
  internal/sdk/models/operations/cancelworldbuild.go:
    id: 2329ee8201a3
    last_write_checksum: sha1:13ebb77d3d1d5556e8cb40c714eadf0795a760e7
    pristine_git_object: 73682ccf1bf8e0d8f04f5441491216cf20fef81b
  internal/sdk/models/operations/createsimulation.go:
    id: d5ade3b7e123
    last_write_checksum: sha1:bd3bc49e2be4256f3b9f3bd9acb77a01ea249d10
    pristine_git_object: 67b5ac11215cb5c39ec2b8aaf191e137280c183c
  internal/sdk/models/operations/deletesimulation.go:
    id: 43e4ecf77238
    last_write_checksum: sha1:ea121d839cf4fe1bcb9e758be6f0eade3ef9cb19
    pristine_git_object: cb2cd60accd12d9c2225df43dadbb84bc91cacdb
  internal/sdk/models/operations/deletesimulator.go:
    id: c5fe4a22df2b
    last_write_checksum: sha1:418b9bf2d742b5e2934f4c5be0ca8672b96cb005
    pristine_git_object: 3de43d9a1fda4e961d6fa3d5f259c298939dbc39
  internal/sdk/models/operations/deleteworld.go:
    id: ba1e2f77c6ca
    last_write_checksum: sha1:2beb2467883e1488d86b782089d7f3daf7805771
    pristine_git_object: 48f285e51d7f46538831fde76438e9e1f34f9332
  internal/sdk/models/operations/forksimulation.go:
    id: 35c03c39a691
    last_write_checksum: sha1:cd9d6eb3d4f991ce4f8d36f21f0bc52360621d21
    pristine_git_object: 70f39b0e917954fd93874bfd923e9b81db646f92
  internal/sdk/models/operations/getsimulation.go:
    id: 89d747a15c6c
    last_write_checksum: sha1:8217799138c3c46c7d4617c5aceace78f8313208
    pristine_git_object: 1236a5e12e47d0b0fd940aed2d81ea06d5079f82
  internal/sdk/models/operations/getsimulator.go:
    id: 3a569232d9c6
    last_write_checksum: sha1:60b1681fe0a2614ae4a9ba1301d6cb99737529ec
    pristine_git_object: 493cafb27a0a1e91c6d9c6acd38015702aaf138b
  internal/sdk/models/operations/getworld.go:
    id: 7ea67f998ac5
    last_write_checksum: sha1:fc570fe49b71caa6662c4796f0637d6a7b73cc92
    pristine_git_object: 330e76fd6c9232712f73d3f4a57acc3a86dd965e
  internal/sdk/models/operations/listsimulations.go:
    id: b5b7771571e1
    last_write_checksum: sha1:5555c79fad58242963e0f17fd03290ee37a1fd82
    pristine_git_object: ce4364fa7a86175e4b05d1c87546cee31f779e24
  internal/sdk/models/operations/listsimulationsteps.go:
    id: ce33dd517bd6
    last_write_checksum: sha1:bc640dcc48e1b52a3ebcd8da301e29dfd076b2b1
    pristine_git_object: 48307113e824dac45fb41be07b6a76f085892c75
  internal/sdk/models/operations/listsimulators.go:
    id: e900cac38937
    last_write_checksum: sha1:954d6be9ad7a9d51127548385f87a087ef66ab29
    pristine_git_object: 794bdc075898457682cb18b5723714de52553a2a
  internal/sdk/models/operations/listworlds.go:
    id: b4f2dbae21ef
    last_write_checksum: sha1:2dbaa7eefdb8c26354ffb7cdb5eb8c7117cbdac7
    pristine_git_object: acda98acb20c7924ff256d16b44f6ff257ed620d
  internal/sdk/models/operations/mintsimulationtoken.go:
    id: 0a3027a06deb
    last_write_checksum: sha1:8df6e727c5fb7efe5092cd2dd589d4ff5b9a2467
    pristine_git_object: 905765a01bfa094adeb716d74c312213bd18c99f
  internal/sdk/models/operations/options.go:
    id: 6d0d29414e00
    last_write_checksum: sha1:f98673acbcdee553bde18771b2246f33c5a897d4
    pristine_git_object: f45ea3837fc09da6ff9eea106aa86e63b9e13e4e
  internal/sdk/models/operations/startsimulation.go:
    id: 73ecedbae067
    last_write_checksum: sha1:4fc9a2b1f9d5e9236864079e83a86ebe7f550e6a
    pristine_git_object: b1e6c8be0da752ff39603eaae3efd04560dc6b8a
  internal/sdk/models/operations/startworld.go:
    id: 14230627edb0
    last_write_checksum: sha1:f15bf1c76074af3201101f8fe83a6122335ae4df
    pristine_git_object: 15e4d6b5da8cfe5b5f838b15777524a2b118270a
  internal/sdk/models/operations/stopsimulation.go:
    id: 3cb9a3e56e9c
    last_write_checksum: sha1:485c2937840490578e296a073918558fee1a163c
    pristine_git_object: 8567e6e91943ffadcf0807a228b414724888bc46
  internal/sdk/models/operations/stopworld.go:
    id: a5c1f070644e
    last_write_checksum: sha1:0ae7813b0ad9fde4e1034c6c93ca969d927e7902
    pristine_git_object: 514d213a228fe842e705028cc7e88d8d619f87ee
  internal/sdk/models/sdkerrors/error.go:
    id: 4e5f6c928f11
    last_write_checksum: sha1:3b6cf1c908ac070ea138596faad780d06fd490fb
    pristine_git_object: 9d10d855879ede73fdde86d1cbd14908072d73fa
  internal/sdk/models/sdkerrors/sdkdefaulterror.go:
    id: 78e4ee2e2586
    last_write_checksum: sha1:437b3a3eacb54d8648a68f80b3cd38fa5019f006
    pristine_git_object: 29ad145394a59846a19bcb95c3f4cb4e0d5ba373
  internal/sdk/optionalnullable/optionalnullable.go:
    id: 4b83aa3f3df3
    last_write_checksum: sha1:d6aff1a420c31e025ea21d46cf056e305ae76fe8
    pristine_git_object: c6739be0619b6726565e0f11855ffe44b0e5607e
  internal/sdk/retry/config.go:
    id: 7ea5fa9128b6
    last_write_checksum: sha1:102d1953fbd7e9f312c4442c71ccca2eaaeaa27d
    pristine_git_object: 767002c7898128324d8741ce9c534bd466492169
  internal/sdk/sdkinternal/config/sdkconfiguration.go:
    id: f175ab9b0273
    last_write_checksum: sha1:eadf22df9103ca68a64193302b41cb9780bf045c
    pristine_git_object: b4fdf9f2995a9f0a8127e36f61e2fd246eecbdab
  internal/sdk/sdkinternal/hooks/hooks.go:
    id: 0cdbe7360fd5
    last_write_checksum: sha1:d019b10036b133832b90b401334279bd8ec72bcb
    pristine_git_object: 0ff295468dd2e65d7e999080e1d3c32ac1dea21f
  internal/sdk/sdkinternal/utils/contenttype.go:
    id: ad544f05ded3
    last_write_checksum: sha1:ab5cfd860d02c6e6a37f89e2b5649a9859947fb1
    pristine_git_object: f6487e01eb987c0aa49e7aa50b5ff24830314c63
  internal/sdk/sdkinternal/utils/env.go:
    id: 53fb5707bfee
    last_write_checksum: sha1:1e0bcb2d2caed9f3657f1dbc99b55811bed0298c
    pristine_git_object: 110d464eacf2387b347bad1cb903666354a339e9
  internal/sdk/sdkinternal/utils/form.go:
    id: d685469eb548
    last_write_checksum: sha1:f55495a88bb6839a08f03a35247300324aea3edf
    pristine_git_object: 08a1a4410ae7550612a1d3e109d8166ec034e4fa
  internal/sdk/sdkinternal/utils/headers.go:
    id: 8688b3dd5618
    last_write_checksum: sha1:a58351c1add0f1fb08ffe8c711a02306acb8c95b
    pristine_git_object: 53fdae248952f5371c30080e844043fd2513a21b
  internal/sdk/sdkinternal/utils/json.go:
    id: 3204a301ca6d
    last_write_checksum: sha1:ff9fcc77eb847b238bb242c4c979e41aaf351b48
    pristine_git_object: e65dac24d48cb836b579b4ea9a2a84e81f579a4d
  internal/sdk/sdkinternal/utils/pathparams.go:
    id: 9fe9b40a3c1c
    last_write_checksum: sha1:7037fbb9e850b120ee6f3a20be7a0690677420f4
    pristine_git_object: 718927a82c878fc730999eb25bcb3702f721fdd5
  internal/sdk/sdkinternal/utils/queryparams.go:
    id: beaa4ae6c0a4
    last_write_checksum: sha1:c9606ecb27449642f605976b54e33422a487a156
    pristine_git_object: 10891f6599a09165fc3968144c95a8d872428fa2
  internal/sdk/sdkinternal/utils/requestbody.go:
    id: d0da812b8a0b
    last_write_checksum: sha1:5bc0306d6537b51e9996c22edda8210e3d899937
    pristine_git_object: 8d085ab3abf25a8bea311186f7e1257b30e9637a
  internal/sdk/sdkinternal/utils/retries.go:
    id: 95ebeea8a512
    last_write_checksum: sha1:a4e824d5c6583a3ea9f8e7c1dbd0c67a824e9224
    pristine_git_object: 5440993ffa3d868e490040e05fe0d0d005a90522
  internal/sdk/sdkinternal/utils/security.go:
    id: 3c39d5f860f3
    last_write_checksum: sha1:49fee4e9252239953611e6de36f4682851499ab5
    pristine_git_object: a2332ee8de013a2121880e4b7be332d3385c6f41
  internal/sdk/sdkinternal/utils/union.go:
    id: ec0c94b40a7d
    last_write_checksum: sha1:85a7adba76db45c9046bc4ef994817a83517c2a6
    pristine_git_object: 82308d108244e5564a8ee918f46d3b5e96241388
  internal/sdk/sdkinternal/utils/utils.go:
    id: f79aa64cde4d
    last_write_checksum: sha1:0836cfcfcbd045add0143bb219266a2189faecec
    pristine_git_object: 9106bda3d5505a23fb667b7cadcd91bf5aebef54
  internal/sdk/simulations.go:
    id: b61054fc5892
    last_write_checksum: sha1:005371f05157d6d958f21f8ca48d8631ab090f59
    pristine_git_object: f34d0354cde1607bc66f81b797bd7889c4e0a42e
  internal/sdk/simulators.go:
    id: 847405821e0b
    last_write_checksum: sha1:f03f407f0828d78d6fb5b9e16d5b581f2362b5ed
    pristine_git_object: 81893a32428b751ab1511b6077a9b23cfb781635
  internal/sdk/types/bigint.go:
    id: fc530b70337e
    last_write_checksum: sha1:49b004005d0461fb04b846eca062b070b0360b31
    pristine_git_object: 9c6a086d51595888a6ff787ebcb8693559afee95
  internal/sdk/types/date.go:
    id: c4bff082c66f
    last_write_checksum: sha1:3036a2e1ed15a1d484c093367eba000c38f384d0
    pristine_git_object: 5b2782f219efe6bfbce46fc2dec68998eb759438
  internal/sdk/types/datetime.go:
    id: a8109857c712
    last_write_checksum: sha1:196d050af6450669214e9ae4fd28e56263ae2b5d
    pristine_git_object: 3eff332daa04e34cec5ffb10add670bafd8ac454
  internal/sdk/types/pointers.go:
    id: 2f3f971639f6
    last_write_checksum: sha1:fc2275ea006257ba9ba4ff6f2a2cdb6205371eef
    pristine_git_object: 35c439d2661e08fcb6a854096fd7b9a8561b3938
  internal/sdk/worlds.go:
    id: 9c366ad7982f
    last_write_checksum: sha1:bc9866550536d2a43a990d63e6ec7a886c04a0dd
    pristine_git_object: 98f0bf60ae4112d075a68a8316047412fe4bf4ce
  internal/testclient/testclient.go:
    id: 20fc511b8b00
    last_write_checksum: sha1:7107e59d336235c44af152c5a61ee3896a7841fa
    pristine_git_object: 159a87ec97aba99e4edd132f69652e123434303e
  internal/usage/schema.go:
    id: 0f40f4612437
    last_write_checksum: sha1:b55935acd36c3c3912ed0c8ce3e377c49048af9b
    pristine_git_object: 876e96ab8224abf8e2848c79e1e66624157c625e
  scripts/install.ps1:
    id: fee0853709e9
    last_write_checksum: sha1:0058338abd3e8177b971ed372e2f5db98313edb0
    pristine_git_object: 14337dd6f1c3cdbe4d1aaddddf1495906e2fbc40
  scripts/install.sh:
    id: 1f022802374d
    last_write_checksum: sha1:59778fd19bbe6055516ebfaa61037e76b94018f2
    pristine_git_object: 45ee90a7078893ab08194eb6decc661e4333e4b4
examples:
  list-simulations:
    bad_request:
      parameters:
        query:
          limit: 50
      responses:
        "400":
          application/problem+json: {"code": "bad_request", "detail": "The cursor is invalid."}
        "500":
          application/problem+json: {"code": "bad_request", "detail": "The cursor is invalid."}
    simulator_unknown:
      parameters:
        query:
          limit: 50
      responses:
        "400":
          application/problem+json: {"code": "simulator_unknown", "detail": "No Simulator was found with ID \"smr_01J8Z5X4K7M2N9P0Q1R2S3T4V5\"."}
        "500":
          application/problem+json: {"code": "simulator_unknown", "detail": "No Simulator was found with ID \"smr_01J8Z5X4K7M2N9P0Q1R2S3T4V5\"."}
    speakeasy-default-list-simulations:
      parameters:
        query:
          limit: 50
      responses:
        "200":
          application/json: {"next_cursor": "<value>", "simulations": [{"created_at": "2026-01-15T12:00:00Z", "endpoint": "https://api.continuouslabs.ai/sim/sim_01J8Z5X4K7M2N9P0Q1R2S3T4V6", "id": "sim_01J8Z5X4K7M2N9P0Q1R2S3T4V6", "name": "billing-sandbox", "parent_id": "sim_01J8Z5X4K7M2N9P0Q1R2S3T4V8", "simulator_id": "smr_01J8Z5X4K7M2N9P0Q1R2S3T4V5", "status": "running"}]}
        "400":
          application/problem+json: {"code": "<value>", "detail": "<value>"}
        "500":
          application/problem+json: {"code": "<value>", "detail": "<value>"}
  create-simulation:
    simulator_unknown:
      requestBody:
        application/json: {"name": "billing-sandbox", "simulator_id": "smr_01J8Z5X4K7M2N9P0Q1R2S3T4V5"}
      responses:
        "400":
          application/problem+json: {"code": "simulator_unknown", "detail": "No Simulator was found with ID \"smr_01J8Z5X4K7M2N9P0Q1R2S3T4V5\"."}
        "500":
          application/problem+json: {"code": "simulator_unknown", "detail": "No Simulator was found with ID \"smr_01J8Z5X4K7M2N9P0Q1R2S3T4V5\"."}
    speakeasy-default-create-simulation:
      requestBody:
        application/json: {"name": "billing-sandbox", "simulator_id": "smr_01J8Z5X4K7M2N9P0Q1R2S3T4V5"}
      responses:
        "201":
          application/json: {"created_at": "2026-01-15T12:00:00Z", "endpoint": "https://api.continuouslabs.ai/sim/sim_01J8Z5X4K7M2N9P0Q1R2S3T4V6", "expires_at": "2026-01-15T13:00:00Z", "id": "sim_01J8Z5X4K7M2N9P0Q1R2S3T4V6", "name": "billing-sandbox", "parent_id": "sim_01J8Z5X4K7M2N9P0Q1R2S3T4V8", "simulator_id": "smr_01J8Z5X4K7M2N9P0Q1R2S3T4V5", "status": "running", "token": "<redacted>"}
        "400":
          application/problem+json: {"code": "<value>", "detail": "<value>"}
        "500":
          application/problem+json: {"code": "<value>", "detail": "<value>"}
  delete-simulation:
    speakeasy-default-delete-simulation:
      parameters:
        path:
          id: "<id>"
      responses:
        "400":
          application/problem+json: {"code": "<value>", "detail": "<value>"}
        "500":
          application/problem+json: {"code": "<value>", "detail": "<value>"}
  get-simulation:
    speakeasy-default-get-simulation:
      parameters:
        path:
          id: "<id>"
      responses:
        "200":
          application/json: {"created_at": "2026-01-15T12:00:00Z", "endpoint": "https://api.continuouslabs.ai/sim/sim_01J8Z5X4K7M2N9P0Q1R2S3T4V6", "id": "sim_01J8Z5X4K7M2N9P0Q1R2S3T4V6", "name": "billing-sandbox", "parent_id": "sim_01J8Z5X4K7M2N9P0Q1R2S3T4V8", "simulator_id": "smr_01J8Z5X4K7M2N9P0Q1R2S3T4V5", "status": "running"}
        "400":
          application/problem+json: {"code": "<value>", "detail": "<value>"}
        "500":
          application/problem+json: {"code": "<value>", "detail": "<value>"}
  fork-simulation:
    speakeasy-default-fork-simulation:
      parameters:
        path:
          id: "<id>"
      requestBody:
        application/json: {"at_step": 42, "name": "billing-fork"}
      responses:
        "201":
          application/json: {"created_at": "2026-01-15T12:00:00Z", "endpoint": "https://api.continuouslabs.ai/sim/sim_01J8Z5X4K7M2N9P0Q1R2S3T4V6", "expires_at": "2026-01-15T13:00:00Z", "id": "sim_01J8Z5X4K7M2N9P0Q1R2S3T4V6", "name": "billing-sandbox", "parent_id": "sim_01J8Z5X4K7M2N9P0Q1R2S3T4V8", "simulator_id": "smr_01J8Z5X4K7M2N9P0Q1R2S3T4V5", "status": "running", "token": "<redacted>"}
        "400":
          application/problem+json: {"code": "<value>", "detail": "<value>"}
        "500":
          application/problem+json: {"code": "<value>", "detail": "<value>"}
  start-simulation:
    speakeasy-default-start-simulation:
      parameters:
        path:
          id: "<id>"
      responses:
        "200":
          application/json: {"created_at": "2026-01-15T12:00:00Z", "endpoint": "https://api.continuouslabs.ai/sim/sim_01J8Z5X4K7M2N9P0Q1R2S3T4V6", "id": "sim_01J8Z5X4K7M2N9P0Q1R2S3T4V6", "name": "billing-sandbox", "parent_id": "sim_01J8Z5X4K7M2N9P0Q1R2S3T4V8", "simulator_id": "smr_01J8Z5X4K7M2N9P0Q1R2S3T4V5", "status": "running"}
        "400":
          application/problem+json: {"code": "<value>", "detail": "<value>"}
        "500":
          application/problem+json: {"code": "<value>", "detail": "<value>"}
  list-simulation-steps:
    bad_request:
      parameters:
        path:
          id: "<id>"
        query:
          limit: 50
      responses:
        "400":
          application/problem+json: {"code": "bad_request", "detail": "The cursor is invalid."}
        "500":
          application/problem+json: {"code": "bad_request", "detail": "The cursor is invalid."}
    speakeasy-default-list-simulation-steps:
      parameters:
        path:
          id: "<id>"
        query:
          limit: 50
      responses:
        "200":
          application/json: {"next_cursor": "<value>", "steps": [{"label": "<value>", "step": 499364}]}
        "400":
          application/problem+json: {"code": "<value>", "detail": "<value>"}
        "500":
          application/problem+json: {"code": "<value>", "detail": "<value>"}
  stop-simulation:
    speakeasy-default-stop-simulation:
      parameters:
        path:
          id: "<id>"
      responses:
        "200":
          application/json: {"created_at": "2026-01-15T12:00:00Z", "endpoint": "https://api.continuouslabs.ai/sim/sim_01J8Z5X4K7M2N9P0Q1R2S3T4V6", "id": "sim_01J8Z5X4K7M2N9P0Q1R2S3T4V6", "name": "billing-sandbox", "parent_id": "sim_01J8Z5X4K7M2N9P0Q1R2S3T4V8", "simulator_id": "smr_01J8Z5X4K7M2N9P0Q1R2S3T4V5", "status": "running"}
        "400":
          application/problem+json: {"code": "<value>", "detail": "<value>"}
        "500":
          application/problem+json: {"code": "<value>", "detail": "<value>"}
  mint-simulation-token:
    speakeasy-default-mint-simulation-token:
      parameters:
        path:
          id: "<id>"
      requestBody:
        application/json: {"ttl_seconds": 3600}
      responses:
        "200":
          application/json: {"expires_at": "2026-01-15T13:00:00Z", "token": "<redacted>"}
        "400":
          application/problem+json: {"code": "<value>", "detail": "<value>"}
        "500":
          application/problem+json: {"code": "<value>", "detail": "<value>"}
  list-simulators:
    bad_request:
      parameters:
        query:
          limit: 50
      responses:
        "400":
          application/problem+json: {"code": "bad_request", "detail": "The cursor is invalid."}
        "500":
          application/problem+json: {"code": "bad_request", "detail": "The cursor is invalid."}
    speakeasy-default-list-simulators:
      parameters:
        query:
          limit: 50
      responses:
        "200":
          application/json: {"next_cursor": "<value>", "simulators": [{"created_at": "2026-01-15T12:00:00Z", "error": null, "id": "smr_01J8Z5X4K7M2N9P0Q1R2S3T4V5", "name": "billing-api", "parent_id": "smr_01J8Z5X4K7M2N9P0Q1R2S3T4V9", "source": "workspace", "status": "building"}]}
        "400":
          application/problem+json: {"code": "<value>", "detail": "<value>"}
        "500":
          application/problem+json: {"code": "<value>", "detail": "<value>"}
  build-simulator:
    simulator_unknown_parent:
      requestBody:
        multipart/form-data: {"request": {"builder": "claude", "filter": [], "instructions": "Return stable example data for every operation.", "name": "billing-api", "spec_kind": "openapi"}}
      responses:
        "400":
          application/problem+json: {"code": "simulator_unknown", "detail": "No Simulator was found with ID \"smr_01J8Z5X4K7M2N9P0Q1R2S3T4V5\"."}
        "500":
          application/problem+json: {"code": "simulator_unknown", "detail": "No Simulator was found with ID \"smr_01J8Z5X4K7M2N9P0Q1R2S3T4V5\"."}
    speakeasy-default-build-simulator:
      requestBody:
        multipart/form-data: {"request": {"builder": "claude", "filter": [], "instructions": "Return stable example data for every operation.", "name": "billing-api", "spec_kind": "openapi"}}
      responses:
        "202":
          application/json: {"created_at": "2026-01-15T12:00:00Z", "error": null, "id": "smr_01J8Z5X4K7M2N9P0Q1R2S3T4V5", "name": "billing-api", "parent_id": "smr_01J8Z5X4K7M2N9P0Q1R2S3T4V9", "source": "workspace", "status": "building"}
        "400":
          application/problem+json: {"code": "<value>", "detail": "<value>"}
        "500":
          application/problem+json: {"code": "<value>", "detail": "<value>"}
  delete-simulator:
    speakeasy-default-delete-simulator:
      parameters:
        path:
          id: "<id>"
      responses:
        "400":
          application/problem+json: {"code": "<value>", "detail": "<value>"}
        "500":
          application/problem+json: {"code": "<value>", "detail": "<value>"}
  get-simulator:
    speakeasy-default-get-simulator:
      parameters:
        path:
          id: "<id>"
      responses:
        "200":
          application/json: {"created_at": "2026-01-15T12:00:00Z", "error": null, "id": "smr_01J8Z5X4K7M2N9P0Q1R2S3T4V5", "name": "billing-api", "parent_id": "smr_01J8Z5X4K7M2N9P0Q1R2S3T4V9", "source": "workspace", "status": "building"}
        "400":
          application/problem+json: {"code": "<value>", "detail": "<value>"}
        "500":
          application/problem+json: {"code": "<value>", "detail": "<value>"}
  cancel-simulator-build:
    speakeasy-default-cancel-simulator-build:
      parameters:
        path:
          id: "<id>"
      responses:
        "200":
          application/json: {"created_at": "2026-01-15T12:00:00Z", "error": null, "id": "smr_01J8Z5X4K7M2N9P0Q1R2S3T4V5", "name": "billing-api", "parent_id": "smr_01J8Z5X4K7M2N9P0Q1R2S3T4V9", "source": "workspace", "status": "building"}
        "400":
          application/problem+json: {"code": "<value>", "detail": "<value>"}
        "500":
          application/problem+json: {"code": "<value>", "detail": "<value>"}
  list-worlds:
    bad_request:
      parameters:
        query:
          limit: 50
      responses:
        "400":
          application/problem+json: {"code": "bad_request", "detail": "The cursor is invalid."}
        "500":
          application/problem+json: {"code": "bad_request", "detail": "The cursor is invalid."}
    speakeasy-default-list-worlds:
      parameters:
        query:
          limit: 50
      responses:
        "200":
          application/json: {"next_cursor": "<value>", "worlds": [{"created_at": "2026-01-15T12:00:00Z", "error": null, "id": "wld_01J8Z5X4K7M2N9P0Q1R2S3T4V7", "instructions": "Use stable example data for each Simulator.", "simulations": [], "simulators": ["smr_01J8Z5X4K7M2N9P0Q1R2S3T4V5"], "status": "building"}]}
        "400":
          application/problem+json: {"code": "<value>", "detail": "<value>"}
        "500":
          application/problem+json: {"code": "<value>", "detail": "<value>"}
  build-world:
    simulator_unknown:
      requestBody:
        application/json: {"instructions": "Use stable example data for each Simulator.", "simulators": ["smr_01J8Z5X4K7M2N9P0Q1R2S3T4V5"]}
      responses:
        "400":
          application/problem+json: {"code": "simulator_unknown", "detail": "No Simulator was found with ID \"smr_01J8Z5X4K7M2N9P0Q1R2S3T4V5\"."}
        "500":
          application/problem+json: {"code": "simulator_unknown", "detail": "No Simulator was found with ID \"smr_01J8Z5X4K7M2N9P0Q1R2S3T4V5\"."}
    speakeasy-default-build-world:
      requestBody:
        application/json: {"instructions": "Use stable example data for each Simulator.", "simulators": ["smr_01J8Z5X4K7M2N9P0Q1R2S3T4V5"]}
      responses:
        "202":
          application/json: {"created_at": "2026-01-15T12:00:00Z", "error": null, "id": "wld_01J8Z5X4K7M2N9P0Q1R2S3T4V7", "instructions": "Use stable example data for each Simulator.", "simulations": [], "simulators": ["smr_01J8Z5X4K7M2N9P0Q1R2S3T4V5"], "status": "building"}
        "400":
          application/problem+json: {"code": "<value>", "detail": "<value>"}
        "500":
          application/problem+json: {"code": "<value>", "detail": "<value>"}
  delete-world:
    speakeasy-default-delete-world:
      parameters:
        path:
          id: "<id>"
      responses:
        "400":
          application/problem+json: {"code": "<value>", "detail": "<value>"}
        "500":
          application/problem+json: {"code": "<value>", "detail": "<value>"}
  get-world:
    speakeasy-default-get-world:
      parameters:
        path:
          id: "<id>"
      responses:
        "200":
          application/json: {"created_at": "2026-01-15T12:00:00Z", "error": null, "id": "wld_01J8Z5X4K7M2N9P0Q1R2S3T4V7", "instructions": "Use stable example data for each Simulator.", "simulations": [], "simulators": ["smr_01J8Z5X4K7M2N9P0Q1R2S3T4V5"], "status": "building"}
        "400":
          application/problem+json: {"code": "<value>", "detail": "<value>"}
        "500":
          application/problem+json: {"code": "<value>", "detail": "<value>"}
  cancel-world-build:
    speakeasy-default-cancel-world-build:
      parameters:
        path:
          id: "<id>"
      responses:
        "200":
          application/json: {"created_at": "2026-01-15T12:00:00Z", "error": null, "id": "wld_01J8Z5X4K7M2N9P0Q1R2S3T4V7", "instructions": "Use stable example data for each Simulator.", "simulations": [], "simulators": ["smr_01J8Z5X4K7M2N9P0Q1R2S3T4V5"], "status": "building"}
        "400":
          application/problem+json: {"code": "<value>", "detail": "<value>"}
        "500":
          application/problem+json: {"code": "<value>", "detail": "<value>"}
  start-world:
    speakeasy-default-start-world:
      parameters:
        path:
          id: "<id>"
      responses:
        "200":
          application/json: {"created_at": "2026-01-15T12:00:00Z", "error": null, "id": "wld_01J8Z5X4K7M2N9P0Q1R2S3T4V7", "instructions": "Use stable example data for each Simulator.", "simulations": [], "simulators": ["smr_01J8Z5X4K7M2N9P0Q1R2S3T4V5"], "status": "building"}
        "400":
          application/problem+json: {"code": "<value>", "detail": "<value>"}
        "500":
          application/problem+json: {"code": "<value>", "detail": "<value>"}
  stop-world:
    speakeasy-default-stop-world:
      parameters:
        path:
          id: "<id>"
      responses:
        "200":
          application/json: {"created_at": "2026-01-15T12:00:00Z", "error": null, "id": "wld_01J8Z5X4K7M2N9P0Q1R2S3T4V7", "instructions": "Use stable example data for each Simulator.", "simulations": [], "simulators": ["smr_01J8Z5X4K7M2N9P0Q1R2S3T4V5"], "status": "building"}
        "400":
          application/problem+json: {"code": "<value>", "detail": "<value>"}
        "500":
          application/problem+json: {"code": "<value>", "detail": "<value>"}
examplesVersion: 1.0.2
