speakeasyVersion: 1.796.4
sources:
    continuous-simulation:
        sourceNamespace: continuous-simulation
        sourceRevisionDigest: sha256:ba6e85f730a4927209b220303c6e0094b215d0df10f1e344ebe621e382e41fdc
        sourceBlobDigest: sha256:4f031224d75fb5401585545b3edfa1a3ef401543aab5c4d5b5a5fd484b21fb12
        tags:
            - latest
targets:
    continuous-simulation-cli:
        source: continuous-simulation
        sourceNamespace: continuous-simulation
        sourceRevisionDigest: sha256:ba6e85f730a4927209b220303c6e0094b215d0df10f1e344ebe621e382e41fdc
        sourceBlobDigest: sha256:4f031224d75fb5401585545b3edfa1a3ef401543aab5c4d5b5a5fd484b21fb12
workflow:
    workflowVersion: 1.0.0
    speakeasyVersion: 1.796.4
    sources:
        continuous-simulation:
            inputs:
                - location: registry.speakeasyapi.dev/continuous/continuous/continuous-simulation@main
            output: .speakeasy/out.openapi.yaml
    targets:
        continuous-simulation-cli:
            target: cli
            source: continuous-simulation
            publish:
                cli:
                    gpgPrivateKey: $cli_gpg_secret_key
                    gpgPassPhrase: $cli_gpg_passphrase
            testing:
                enabled: false
