speakeasyVersion: 1.796.4
sources:
    continuous-simulation:
        sourceNamespace: continuous-simulation
        sourceRevisionDigest: sha256:1d5123418bb32ce413899deb181e55bf37c5776b8cd6c1d731dacfe6f42ad6a9
        sourceBlobDigest: sha256:bba0e6093cdb59b113ceab613595eb8304a72b131ddde740af0ebfd2b97ca9ba
        tags:
            - latest
targets:
    continuous-simulation-cli:
        source: continuous-simulation
        sourceNamespace: continuous-simulation
        sourceRevisionDigest: sha256:1d5123418bb32ce413899deb181e55bf37c5776b8cd6c1d731dacfe6f42ad6a9
        sourceBlobDigest: sha256:bba0e6093cdb59b113ceab613595eb8304a72b131ddde740af0ebfd2b97ca9ba
workflow:
    workflowVersion: 1.0.0
    speakeasyVersion: 1.796.4
    sources:
        continuous-simulation:
            inputs:
                - location: registry.speakeasyapi.dev/continuous/continuous/continuous-simulation@main
            output: .speakeasy/out.openapi.yaml
    targets:
        continuous-simulation-cli:
            target: cli
            source: continuous-simulation
            publish:
                cli:
                    gpgPrivateKey: $cli_gpg_secret_key
                    gpgPassPhrase: $cli_gpg_passphrase
            testing:
                enabled: false
