speakeasyVersion: 1.796.4
sources:
    continuous-simulation:
        sourceNamespace: continuous-simulation
        sourceRevisionDigest: sha256:af459395f3f1d9e7e3ea2569fcda84314ffa67bb0760eaf8180e4eef68081bc2
        sourceBlobDigest: sha256:170eba6de3f14c4df1a17f756a807d02e9660051cccef3a0358e86665a0ccffb
        tags:
            - latest
targets:
    continuous-simulation-cli:
        source: continuous-simulation
        sourceNamespace: continuous-simulation
        sourceRevisionDigest: sha256:af459395f3f1d9e7e3ea2569fcda84314ffa67bb0760eaf8180e4eef68081bc2
        sourceBlobDigest: sha256:170eba6de3f14c4df1a17f756a807d02e9660051cccef3a0358e86665a0ccffb
workflow:
    workflowVersion: 1.0.0
    speakeasyVersion: 1.796.4
    sources:
        continuous-simulation:
            inputs:
                - location: registry.speakeasyapi.dev/continuous/continuous/continuous-simulation@main
            output: .speakeasy/out.openapi.yaml
    targets:
        continuous-simulation-cli:
            target: cli
            source: continuous-simulation
            publish:
                cli:
                    gpgPrivateKey: $cli_gpg_secret_key
                    gpgPassPhrase: $cli_gpg_passphrase
            testing:
                enabled: false
